// !$*UTF8*$!
{
	archiveVersion = 1;
	classes = {
	};
	objectVersion = 50;
	objects = {

/* Begin PBXBuildFile section */
		018FA4DB218C9A2D00643AD9 /* FeatureInteractor.swift in Sources */ = {isa = PBXBuildFile; fileRef = 018FA4DA218C9A2D00643AD9 /* FeatureInteractor.swift */; };
		018FA4E3218C9D5300643AD9 /* TravelFeatureKitTests.swift in Sources */ = {isa = PBXBuildFile; fileRef = 018FA4E2218C9D5300643AD9 /* TravelFeatureKitTests.swift */; };
		018FA4E5218C9D5300643AD9 /* TravelFeatureKit.framework in Frameworks */ = {isa = PBXBuildFile; fileRef = AA0A1EE1215BA9CD00754EC7 /* TravelFeatureKit.framework */; };
		018FA4F1218C9D8900643AD9 /* FeedPresenterTests.swift in Sources */ = {isa = PBXBuildFile; fileRef = 018FA4F0218C9D8900643AD9 /* FeedPresenterTests.swift */; };
		018FA4F3218C9FA700643AD9 /* TravelKit.framework in Frameworks */ = {isa = PBXBuildFile; fileRef = 018FA4F2218C9FA700643AD9 /* TravelKit.framework */; };
		018FA4F5218C9FB200643AD9 /* TravelDataKit.framework in Frameworks */ = {isa = PBXBuildFile; fileRef = 018FA4F4218C9FB200643AD9 /* TravelDataKit.framework */; };
		03C77D9FED0CFBC9D3336A63 /* Pods_TravelFeatureKit.framework in Frameworks */ = {isa = PBXBuildFile; fileRef = B75CE1FEFCD45A73B1AB4B97 /* Pods_TravelFeatureKit.framework */; };
		1C4D55AEF42604D651F9E2F7 /* Pods_TravelFeatureKit_TravelFeatureKitTests.framework in Frameworks */ = {isa = PBXBuildFile; fileRef = 88BC0D209D8E695F04E07021 /* Pods_TravelFeatureKit_TravelFeatureKitTests.framework */; };
		AA0A1EE6215BA9CD00754EC7 /* TravelFeatureKit.h in Headers */ = {isa = PBXBuildFile; fileRef = AA0A1EE4215BA9CD00754EC7 /* TravelFeatureKit.h */; settings = {ATTRIBUTES = (Public, ); }; };
		AA3FD394215CD34B006D9C61 /* R.generated.swift in Sources */ = {isa = PBXBuildFile; fileRef = AA3FD393215CD34B006D9C61 /* R.generated.swift */; };
		AA3FD396215CD361006D9C61 /* Images.xcassets in Resources */ = {isa = PBXBuildFile; fileRef = AA3FD395215CD361006D9C61 /* Images.xcassets */; };
		AA3FD3A5215CD6CB006D9C61 /* Localizable.strings in Resources */ = {isa = PBXBuildFile; fileRef = AA3FD3A7215CD6CB006D9C61 /* Localizable.strings */; };
		AA3FD3BB215CDCF5006D9C61 /* ContentState.swift in Sources */ = {isa = PBXBuildFile; fileRef = AA3FD3BA215CDCF5006D9C61 /* ContentState.swift */; };
		AA3FD3BF215CE0CA006D9C61 /* FeatureViewController.swift in Sources */ = {isa = PBXBuildFile; fileRef = AA3FD3BE215CE0CA006D9C61 /* FeatureViewController.swift */; };
		AA3FD3C3215CE5F1006D9C61 /* ErrorView.swift in Sources */ = {isa = PBXBuildFile; fileRef = AA3FD3C2215CE5F1006D9C61 /* ErrorView.swift */; };
		AA3FD3C5215CE60E006D9C61 /* EmptyView.swift in Sources */ = {isa = PBXBuildFile; fileRef = AA3FD3C4215CE60E006D9C61 /* EmptyView.swift */; };
		AA3FD3C7215CE628006D9C61 /* LoadingView.swift in Sources */ = {isa = PBXBuildFile; fileRef = AA3FD3C6215CE628006D9C61 /* LoadingView.swift */; };
		AA3FD3C9215D1091006D9C61 /* Presenter.swift in Sources */ = {isa = PBXBuildFile; fileRef = AA3FD3C8215D1091006D9C61 /* Presenter.swift */; };
		AA3FD3CB215D1138006D9C61 /* View.swift in Sources */ = {isa = PBXBuildFile; fileRef = AA3FD3CA215D1138006D9C61 /* View.swift */; };
		AA3FD3CD215D11AB006D9C61 /* FeaturePresenter.swift in Sources */ = {isa = PBXBuildFile; fileRef = AA3FD3CC215D11AB006D9C61 /* FeaturePresenter.swift */; };
		AAC5E78C216221A00027323C /* UIView+Style.swift in Sources */ = {isa = PBXBuildFile; fileRef = AAC5E78B216221A00027323C /* UIView+Style.swift */; };
		AAC5E78E216221E00027323C /* UIView+AddSubviews.swift in Sources */ = {isa = PBXBuildFile; fileRef = AAC5E78D216221E00027323C /* UIView+AddSubviews.swift */; };
		AAC5E7902162233E0027323C /* UITableView+Dequeue.swift in Sources */ = {isa = PBXBuildFile; fileRef = AAC5E78F2162233E0027323C /* UITableView+Dequeue.swift */; };
		AAC5E793216223CC0027323C /* FeedCardCell.swift in Sources */ = {isa = PBXBuildFile; fileRef = AAC5E792216223CC0027323C /* FeedCardCell.swift */; };
		AAC5E79521622BDB0027323C /* UIButton+SetBackgroundColor.swift in Sources */ = {isa = PBXBuildFile; fileRef = AAC5E79421622BDB0027323C /* UIButton+SetBackgroundColor.swift */; };
		AAC5E797216355870027323C /* FeedTableHeaderView.swift in Sources */ = {isa = PBXBuildFile; fileRef = AAC5E796216355870027323C /* FeedTableHeaderView.swift */; };
		AACDF5F92198882E00789F1A /* BookTripPresenter.swift in Sources */ = {isa = PBXBuildFile; fileRef = AACDF5F22198882E00789F1A /* BookTripPresenter.swift */; };
		AACDF5FA2198882E00789F1A /* BookTripRouter.swift in Sources */ = {isa = PBXBuildFile; fileRef = AACDF5F32198882E00789F1A /* BookTripRouter.swift */; };
		AACDF5FB2198882E00789F1A /* BookTripModels.swift in Sources */ = {isa = PBXBuildFile; fileRef = AACDF5F42198882E00789F1A /* BookTripModels.swift */; };
		AACDF5FC2198882E00789F1A /* BookTripConfigurator.swift in Sources */ = {isa = PBXBuildFile; fileRef = AACDF5F52198882E00789F1A /* BookTripConfigurator.swift */; };
		AACDF5FD2198882E00789F1A /* BookTripInteractor.swift in Sources */ = {isa = PBXBuildFile; fileRef = AACDF5F62198882E00789F1A /* BookTripInteractor.swift */; };
		AACDF5FE2198882E00789F1A /* BookTripViewController.swift in Sources */ = {isa = PBXBuildFile; fileRef = AACDF5F72198882E00789F1A /* BookTripViewController.swift */; };
		AACDF5FF2198882E00789F1A /* BookTripAssembly.swift in Sources */ = {isa = PBXBuildFile; fileRef = AACDF5F82198882E00789F1A /* BookTripAssembly.swift */; };
		AACDF60721988F1C00789F1A /* BuildersImplementations.swift in Sources */ = {isa = PBXBuildFile; fileRef = AACDF60621988F1C00789F1A /* BuildersImplementations.swift */; };
		AAD7AFBB215D218C000AC1F6 /* FeedConfigurator.swift in Sources */ = {isa = PBXBuildFile; fileRef = AAD7AFB4215D218C000AC1F6 /* FeedConfigurator.swift */; };
		AAD7AFBC215D218C000AC1F6 /* FeedPresenter.swift in Sources */ = {isa = PBXBuildFile; fileRef = AAD7AFB5215D218C000AC1F6 /* FeedPresenter.swift */; };
		AAD7AFBD215D218C000AC1F6 /* FeedInteractor.swift in Sources */ = {isa = PBXBuildFile; fileRef = AAD7AFB6215D218C000AC1F6 /* FeedInteractor.swift */; };
		AAD7AFBE215D218C000AC1F6 /* FeedAssembly.swift in Sources */ = {isa = PBXBuildFile; fileRef = AAD7AFB7215D218C000AC1F6 /* FeedAssembly.swift */; };
		AAD7AFBF215D218C000AC1F6 /* FeedModels.swift in Sources */ = {isa = PBXBuildFile; fileRef = AAD7AFB8215D218C000AC1F6 /* FeedModels.swift */; };
		AAD7AFC0215D218C000AC1F6 /* FeedViewController.swift in Sources */ = {isa = PBXBuildFile; fileRef = AAD7AFB9215D218C000AC1F6 /* FeedViewController.swift */; };
		AAD7AFC1215D218C000AC1F6 /* FeedRouter.swift in Sources */ = {isa = PBXBuildFile; fileRef = AAD7AFBA215D218C000AC1F6 /* FeedRouter.swift */; };
		AAD7AFCC215D2214000AC1F6 /* Assembly.swift.hbs in Resources */ = {isa = PBXBuildFile; fileRef = AAD7AFC5215D2213000AC1F6 /* Assembly.swift.hbs */; };
		AAD7AFCD215D2214000AC1F6 /* Router.swift.hbs in Resources */ = {isa = PBXBuildFile; fileRef = AAD7AFC6215D2213000AC1F6 /* Router.swift.hbs */; };
		AAD7AFCE215D2214000AC1F6 /* Presenter.swift.hbs in Resources */ = {isa = PBXBuildFile; fileRef = AAD7AFC7215D2214000AC1F6 /* Presenter.swift.hbs */; };
		AAD7AFCF215D2214000AC1F6 /* Models.swift.hbs in Resources */ = {isa = PBXBuildFile; fileRef = AAD7AFC8215D2214000AC1F6 /* Models.swift.hbs */; };
		AAD7AFD0215D2214000AC1F6 /* Interactor.swift.hbs in Resources */ = {isa = PBXBuildFile; fileRef = AAD7AFC9215D2214000AC1F6 /* Interactor.swift.hbs */; };
		AAD7AFD1215D2214000AC1F6 /* ViewController.swift.hbs in Resources */ = {isa = PBXBuildFile; fileRef = AAD7AFCA215D2214000AC1F6 /* ViewController.swift.hbs */; };
		AAD7AFD2215D2214000AC1F6 /* Configurator.swift.hbs in Resources */ = {isa = PBXBuildFile; fileRef = AAD7AFCB215D2214000AC1F6 /* Configurator.swift.hbs */; };
		AAD7B004215E3138000AC1F6 /* Theme.swift in Sources */ = {isa = PBXBuildFile; fileRef = AAD7B003215E3138000AC1F6 /* Theme.swift */; };
		AAD7B007215E6645000AC1F6 /* MainConfigurator.swift in Sources */ = {isa = PBXBuildFile; fileRef = AAD7B006215E6645000AC1F6 /* MainConfigurator.swift */; };
		AAD7B010215E666D000AC1F6 /* PreferencesPresenter.swift in Sources */ = {isa = PBXBuildFile; fileRef = AAD7B009215E666D000AC1F6 /* PreferencesPresenter.swift */; };
		AAD7B011215E666D000AC1F6 /* PreferencesConfigurator.swift in Sources */ = {isa = PBXBuildFile; fileRef = AAD7B00A215E666D000AC1F6 /* PreferencesConfigurator.swift */; };
		AAD7B012215E666D000AC1F6 /* PreferencesViewController.swift in Sources */ = {isa = PBXBuildFile; fileRef = AAD7B00B215E666D000AC1F6 /* PreferencesViewController.swift */; };
		AAD7B013215E666E000AC1F6 /* PreferencesRouter.swift in Sources */ = {isa = PBXBuildFile; fileRef = AAD7B00C215E666D000AC1F6 /* PreferencesRouter.swift */; };
		AAD7B014215E666E000AC1F6 /* PreferencesInteractor.swift in Sources */ = {isa = PBXBuildFile; fileRef = AAD7B00D215E666D000AC1F6 /* PreferencesInteractor.swift */; };
		AAD7B015215E666E000AC1F6 /* PreferencesModels.swift in Sources */ = {isa = PBXBuildFile; fileRef = AAD7B00E215E666D000AC1F6 /* PreferencesModels.swift */; };
		AAD7B016215E666E000AC1F6 /* PreferencesAssembly.swift in Sources */ = {isa = PBXBuildFile; fileRef = AAD7B00F215E666D000AC1F6 /* PreferencesAssembly.swift */; };
		AAD7B018215E66C9000AC1F6 /* MainViewController.swift in Sources */ = {isa = PBXBuildFile; fileRef = AAD7B017215E66C9000AC1F6 /* MainViewController.swift */; };
		AAD7B01A215E6821000AC1F6 /* BaseNavigationViewController.swift in Sources */ = {isa = PBXBuildFile; fileRef = AAD7B019215E6821000AC1F6 /* BaseNavigationViewController.swift */; };
		AAD7B01C215E6905000AC1F6 /* MainAssembly.swift in Sources */ = {isa = PBXBuildFile; fileRef = AAD7B01B215E6905000AC1F6 /* MainAssembly.swift */; };
/* End PBXBuildFile section */

/* Begin PBXContainerItemProxy section */
		018FA4E6218C9D5300643AD9 /* PBXContainerItemProxy */ = {
			isa = PBXContainerItemProxy;
			containerPortal = AA0A1ED8215BA9CD00754EC7 /* Project object */;
			proxyType = 1;
			remoteGlobalIDString = AA0A1EE0215BA9CD00754EC7;
			remoteInfo = TravelFeatureKit;
		};
/* End PBXContainerItemProxy section */

/* Begin PBXFileReference section */
		018FA4DA218C9A2D00643AD9 /* FeatureInteractor.swift */ = {isa = PBXFileReference; lastKnownFileType = sourcecode.swift; path = FeatureInteractor.swift; sourceTree = "<group>"; };
		018FA4E0218C9D5200643AD9 /* TravelFeatureKitTests.xctest */ = {isa = PBXFileReference; explicitFileType = wrapper.cfbundle; includeInIndex = 0; path = TravelFeatureKitTests.xctest; sourceTree = BUILT_PRODUCTS_DIR; };
		018FA4E2218C9D5300643AD9 /* TravelFeatureKitTests.swift */ = {isa = PBXFileReference; lastKnownFileType = sourcecode.swift; path = TravelFeatureKitTests.swift; sourceTree = "<group>"; };
		018FA4E4218C9D5300643AD9 /* Info.plist */ = {isa = PBXFileReference; lastKnownFileType = text.plist.xml; path = Info.plist; sourceTree = "<group>"; };
		018FA4F0218C9D8900643AD9 /* FeedPresenterTests.swift */ = {isa = PBXFileReference; lastKnownFileType = sourcecode.swift; path = FeedPresenterTests.swift; sourceTree = "<group>"; };
		018FA4F2218C9FA700643AD9 /* TravelKit.framework */ = {isa = PBXFileReference; explicitFileType = wrapper.framework; path = TravelKit.framework; sourceTree = BUILT_PRODUCTS_DIR; };
		018FA4F4218C9FB200643AD9 /* TravelDataKit.framework */ = {isa = PBXFileReference; explicitFileType = wrapper.framework; path = TravelDataKit.framework; sourceTree = BUILT_PRODUCTS_DIR; };
		2EF06E287DEBB67905E27B7B /* Pods-TravelFeatureKit-TravelFeatureKitTests.release.xcconfig */ = {isa = PBXFileReference; includeInIndex = 1; lastKnownFileType = text.xcconfig; name = "Pods-TravelFeatureKit-TravelFeatureKitTests.release.xcconfig"; path = "Pods/Target Support Files/Pods-TravelFeatureKit-TravelFeatureKitTests/Pods-TravelFeatureKit-TravelFeatureKitTests.release.xcconfig"; sourceTree = "<group>"; };
		79A0B4589BFEE78478F47786 /* Pods-TravelFeatureKit.debug.xcconfig */ = {isa = PBXFileReference; includeInIndex = 1; lastKnownFileType = text.xcconfig; name = "Pods-TravelFeatureKit.debug.xcconfig"; path = "Pods/Target Support Files/Pods-TravelFeatureKit/Pods-TravelFeatureKit.debug.xcconfig"; sourceTree = "<group>"; };
		88BC0D209D8E695F04E07021 /* Pods_TravelFeatureKit_TravelFeatureKitTests.framework */ = {isa = PBXFileReference; explicitFileType = wrapper.framework; includeInIndex = 0; path = Pods_TravelFeatureKit_TravelFeatureKitTests.framework; sourceTree = BUILT_PRODUCTS_DIR; };
		AA0A1EE1215BA9CD00754EC7 /* TravelFeatureKit.framework */ = {isa = PBXFileReference; explicitFileType = wrapper.framework; includeInIndex = 0; path = TravelFeatureKit.framework; sourceTree = BUILT_PRODUCTS_DIR; };
		AA0A1EE4215BA9CD00754EC7 /* TravelFeatureKit.h */ = {isa = PBXFileReference; lastKnownFileType = sourcecode.c.h; path = TravelFeatureKit.h; sourceTree = "<group>"; };
		AA0A1EE5215BA9CD00754EC7 /* Info.plist */ = {isa = PBXFileReference; lastKnownFileType = text.plist.xml; path = Info.plist; sourceTree = "<group>"; };
		AA3FD393215CD34B006D9C61 /* R.generated.swift */ = {isa = PBXFileReference; fileEncoding = 4; lastKnownFileType = sourcecode.swift; path = R.generated.swift; sourceTree = SOURCE_ROOT; };
		AA3FD395215CD361006D9C61 /* Images.xcassets */ = {isa = PBXFileReference; lastKnownFileType = folder.assetcatalog; path = Images.xcassets; sourceTree = "<group>"; };
		AA3FD3A6215CD6CB006D9C61 /* en */ = {isa = PBXFileReference; lastKnownFileType = text.plist.strings; name = en; path = en.lproj/Localizable.strings; sourceTree = "<group>"; };
		AA3FD3BA215CDCF5006D9C61 /* ContentState.swift */ = {isa = PBXFileReference; lastKnownFileType = sourcecode.swift; path = ContentState.swift; sourceTree = "<group>"; };
		AA3FD3BE215CE0CA006D9C61 /* FeatureViewController.swift */ = {isa = PBXFileReference; lastKnownFileType = sourcecode.swift; path = FeatureViewController.swift; sourceTree = "<group>"; };
		AA3FD3C2215CE5F1006D9C61 /* ErrorView.swift */ = {isa = PBXFileReference; lastKnownFileType = sourcecode.swift; path = ErrorView.swift; sourceTree = "<group>"; };
		AA3FD3C4215CE60E006D9C61 /* EmptyView.swift */ = {isa = PBXFileReference; lastKnownFileType = sourcecode.swift; path = EmptyView.swift; sourceTree = "<group>"; };
		AA3FD3C6215CE628006D9C61 /* LoadingView.swift */ = {isa = PBXFileReference; lastKnownFileType = sourcecode.swift; path = LoadingView.swift; sourceTree = "<group>"; };
		AA3FD3C8215D1091006D9C61 /* Presenter.swift */ = {isa = PBXFileReference; lastKnownFileType = sourcecode.swift; path = Presenter.swift; sourceTree = "<group>"; };
		AA3FD3CA215D1138006D9C61 /* View.swift */ = {isa = PBXFileReference; lastKnownFileType = sourcecode.swift; path = View.swift; sourceTree = "<group>"; };
		AA3FD3CC215D11AB006D9C61 /* FeaturePresenter.swift */ = {isa = PBXFileReference; lastKnownFileType = sourcecode.swift; path = FeaturePresenter.swift; sourceTree = "<group>"; };
		AAC5E78B216221A00027323C /* UIView+Style.swift */ = {isa = PBXFileReference; lastKnownFileType = sourcecode.swift; path = "UIView+Style.swift"; sourceTree = "<group>"; };
		AAC5E78D216221E00027323C /* UIView+AddSubviews.swift */ = {isa = PBXFileReference; lastKnownFileType = sourcecode.swift; path = "UIView+AddSubviews.swift"; sourceTree = "<group>"; };
		AAC5E78F2162233E0027323C /* UITableView+Dequeue.swift */ = {isa = PBXFileReference; lastKnownFileType = sourcecode.swift; path = "UITableView+Dequeue.swift"; sourceTree = "<group>"; };
		AAC5E792216223CC0027323C /* FeedCardCell.swift */ = {isa = PBXFileReference; lastKnownFileType = sourcecode.swift; path = FeedCardCell.swift; sourceTree = "<group>"; };
		AAC5E79421622BDB0027323C /* UIButton+SetBackgroundColor.swift */ = {isa = PBXFileReference; lastKnownFileType = sourcecode.swift; path = "UIButton+SetBackgroundColor.swift"; sourceTree = "<group>"; };
		AAC5E796216355870027323C /* FeedTableHeaderView.swift */ = {isa = PBXFileReference; lastKnownFileType = sourcecode.swift; path = FeedTableHeaderView.swift; sourceTree = "<group>"; };
		AACDF5F22198882E00789F1A /* BookTripPresenter.swift */ = {isa = PBXFileReference; fileEncoding = 4; lastKnownFileType = sourcecode.swift; path = BookTripPresenter.swift; sourceTree = "<group>"; };
		AACDF5F32198882E00789F1A /* BookTripRouter.swift */ = {isa = PBXFileReference; fileEncoding = 4; lastKnownFileType = sourcecode.swift; path = BookTripRouter.swift; sourceTree = "<group>"; };
		AACDF5F42198882E00789F1A /* BookTripModels.swift */ = {isa = PBXFileReference; fileEncoding = 4; lastKnownFileType = sourcecode.swift; path = BookTripModels.swift; sourceTree = "<group>"; };
		AACDF5F52198882E00789F1A /* BookTripConfigurator.swift */ = {isa = PBXFileReference; fileEncoding = 4; lastKnownFileType = sourcecode.swift; path = BookTripConfigurator.swift; sourceTree = "<group>"; };
		AACDF5F62198882E00789F1A /* BookTripInteractor.swift */ = {isa = PBXFileReference; fileEncoding = 4; lastKnownFileType = sourcecode.swift; path = BookTripInteractor.swift; sourceTree = "<group>"; };
		AACDF5F72198882E00789F1A /* BookTripViewController.swift */ = {isa = PBXFileReference; fileEncoding = 4; lastKnownFileType = sourcecode.swift; path = BookTripViewController.swift; sourceTree = "<group>"; };
		AACDF5F82198882E00789F1A /* BookTripAssembly.swift */ = {isa = PBXFileReference; fileEncoding = 4; lastKnownFileType = sourcecode.swift; path = BookTripAssembly.swift; sourceTree = "<group>"; };
		AACDF60621988F1C00789F1A /* BuildersImplementations.swift */ = {isa = PBXFileReference; fileEncoding = 4; lastKnownFileType = sourcecode.swift; path = BuildersImplementations.swift; sourceTree = "<group>"; };
		AAD7AFB4215D218C000AC1F6 /* FeedConfigurator.swift */ = {isa = PBXFileReference; fileEncoding = 4; lastKnownFileType = sourcecode.swift; path = FeedConfigurator.swift; sourceTree = "<group>"; };
		AAD7AFB5215D218C000AC1F6 /* FeedPresenter.swift */ = {isa = PBXFileReference; fileEncoding = 4; lastKnownFileType = sourcecode.swift; path = FeedPresenter.swift; sourceTree = "<group>"; };
		AAD7AFB6215D218C000AC1F6 /* FeedInteractor.swift */ = {isa = PBXFileReference; fileEncoding = 4; lastKnownFileType = sourcecode.swift; path = FeedInteractor.swift; sourceTree = "<group>"; };
		AAD7AFB7215D218C000AC1F6 /* FeedAssembly.swift */ = {isa = PBXFileReference; fileEncoding = 4; lastKnownFileType = sourcecode.swift; path = FeedAssembly.swift; sourceTree = "<group>"; };
		AAD7AFB8215D218C000AC1F6 /* FeedModels.swift */ = {isa = PBXFileReference; fileEncoding = 4; lastKnownFileType = sourcecode.swift; path = FeedModels.swift; sourceTree = "<group>"; };
		AAD7AFB9215D218C000AC1F6 /* FeedViewController.swift */ = {isa = PBXFileReference; fileEncoding = 4; lastKnownFileType = sourcecode.swift; path = FeedViewController.swift; sourceTree = "<group>"; };
		AAD7AFBA215D218C000AC1F6 /* FeedRouter.swift */ = {isa = PBXFileReference; fileEncoding = 4; lastKnownFileType = sourcecode.swift; path = FeedRouter.swift; sourceTree = "<group>"; };
		AAD7AFC5215D2213000AC1F6 /* Assembly.swift.hbs */ = {isa = PBXFileReference; fileEncoding = 4; lastKnownFileType = text; path = Assembly.swift.hbs; sourceTree = "<group>"; };
		AAD7AFC6215D2213000AC1F6 /* Router.swift.hbs */ = {isa = PBXFileReference; fileEncoding = 4; lastKnownFileType = text; path = Router.swift.hbs; sourceTree = "<group>"; };
		AAD7AFC7215D2214000AC1F6 /* Presenter.swift.hbs */ = {isa = PBXFileReference; fileEncoding = 4; lastKnownFileType = text; path = Presenter.swift.hbs; sourceTree = "<group>"; };
		AAD7AFC8215D2214000AC1F6 /* Models.swift.hbs */ = {isa = PBXFileReference; fileEncoding = 4; lastKnownFileType = text; path = Models.swift.hbs; sourceTree = "<group>"; };
		AAD7AFC9215D2214000AC1F6 /* Interactor.swift.hbs */ = {isa = PBXFileReference; fileEncoding = 4; lastKnownFileType = text; path = Interactor.swift.hbs; sourceTree = "<group>"; };
		AAD7AFCA215D2214000AC1F6 /* ViewController.swift.hbs */ = {isa = PBXFileReference; fileEncoding = 4; lastKnownFileType = text; path = ViewController.swift.hbs; sourceTree = "<group>"; };
		AAD7AFCB215D2214000AC1F6 /* Configurator.swift.hbs */ = {isa = PBXFileReference; fileEncoding = 4; lastKnownFileType = text; path = Configurator.swift.hbs; sourceTree = "<group>"; };
		AAD7B003215E3138000AC1F6 /* Theme.swift */ = {isa = PBXFileReference; lastKnownFileType = sourcecode.swift; path = Theme.swift; sourceTree = "<group>"; };
		AAD7B006215E6645000AC1F6 /* MainConfigurator.swift */ = {isa = PBXFileReference; lastKnownFileType = sourcecode.swift; path = MainConfigurator.swift; sourceTree = "<group>"; };
		AAD7B009215E666D000AC1F6 /* PreferencesPresenter.swift */ = {isa = PBXFileReference; fileEncoding = 4; lastKnownFileType = sourcecode.swift; path = PreferencesPresenter.swift; sourceTree = "<group>"; };
		AAD7B00A215E666D000AC1F6 /* PreferencesConfigurator.swift */ = {isa = PBXFileReference; fileEncoding = 4; lastKnownFileType = sourcecode.swift; path = PreferencesConfigurator.swift; sourceTree = "<group>"; };
		AAD7B00B215E666D000AC1F6 /* PreferencesViewController.swift */ = {isa = PBXFileReference; fileEncoding = 4; lastKnownFileType = sourcecode.swift; path = PreferencesViewController.swift; sourceTree = "<group>"; };
		AAD7B00C215E666D000AC1F6 /* PreferencesRouter.swift */ = {isa = PBXFileReference; fileEncoding = 4; lastKnownFileType = sourcecode.swift; path = PreferencesRouter.swift; sourceTree = "<group>"; };
		AAD7B00D215E666D000AC1F6 /* PreferencesInteractor.swift */ = {isa = PBXFileReference; fileEncoding = 4; lastKnownFileType = sourcecode.swift; path = PreferencesInteractor.swift; sourceTree = "<group>"; };
		AAD7B00E215E666D000AC1F6 /* PreferencesModels.swift */ = {isa = PBXFileReference; fileEncoding = 4; lastKnownFileType = sourcecode.swift; path = PreferencesModels.swift; sourceTree = "<group>"; };
		AAD7B00F215E666D000AC1F6 /* PreferencesAssembly.swift */ = {isa = PBXFileReference; fileEncoding = 4; lastKnownFileType = sourcecode.swift; path = PreferencesAssembly.swift; sourceTree = "<group>"; };
		AAD7B017215E66C9000AC1F6 /* MainViewController.swift */ = {isa = PBXFileReference; lastKnownFileType = sourcecode.swift; path = MainViewController.swift; sourceTree = "<group>"; };
		AAD7B019215E6821000AC1F6 /* BaseNavigationViewController.swift */ = {isa = PBXFileReference; lastKnownFileType = sourcecode.swift; path = BaseNavigationViewController.swift; sourceTree = "<group>"; };
		AAD7B01B215E6905000AC1F6 /* MainAssembly.swift */ = {isa = PBXFileReference; lastKnownFileType = sourcecode.swift; path = MainAssembly.swift; sourceTree = "<group>"; };
		B4FF4C26E44886479F007DF8 /* Pods-TravelFeatureKit.release.xcconfig */ = {isa = PBXFileReference; includeInIndex = 1; lastKnownFileType = text.xcconfig; name = "Pods-TravelFeatureKit.release.xcconfig"; path = "Pods/Target Support Files/Pods-TravelFeatureKit/Pods-TravelFeatureKit.release.xcconfig"; sourceTree = "<group>"; };
		B75CE1FEFCD45A73B1AB4B97 /* Pods_TravelFeatureKit.framework */ = {isa = PBXFileReference; explicitFileType = wrapper.framework; includeInIndex = 0; path = Pods_TravelFeatureKit.framework; sourceTree = BUILT_PRODUCTS_DIR; };
		D3EC6ACB6754C44EC3986052 /* Pods-TravelFeatureKit-TravelFeatureKitTests.debug.xcconfig */ = {isa = PBXFileReference; includeInIndex = 1; lastKnownFileType = text.xcconfig; name = "Pods-TravelFeatureKit-TravelFeatureKitTests.debug.xcconfig"; path = "Pods/Target Support Files/Pods-TravelFeatureKit-TravelFeatureKitTests/Pods-TravelFeatureKit-TravelFeatureKitTests.debug.xcconfig"; sourceTree = "<group>"; };
/* End PBXFileReference section */

/* Begin PBXFrameworksBuildPhase section */
		018FA4DD218C9D5200643AD9 /* Frameworks */ = {
			isa = PBXFrameworksBuildPhase;
			buildActionMask = 2147483647;
			files = (
				018FA4E5218C9D5300643AD9 /* TravelFeatureKit.framework in Frameworks */,
				1C4D55AEF42604D651F9E2F7 /* Pods_TravelFeatureKit_TravelFeatureKitTests.framework in Frameworks */,
			);
			runOnlyForDeploymentPostprocessing = 0;
		};
		AA0A1EDE215BA9CD00754EC7 /* Frameworks */ = {
			isa = PBXFrameworksBuildPhase;
			buildActionMask = 2147483647;
			files = (
				018FA4F5218C9FB200643AD9 /* TravelDataKit.framework in Frameworks */,
				018FA4F3218C9FA700643AD9 /* TravelKit.framework in Frameworks */,
				03C77D9FED0CFBC9D3336A63 /* Pods_TravelFeatureKit.framework in Frameworks */,
			);
			runOnlyForDeploymentPostprocessing = 0;
		};
/* End PBXFrameworksBuildPhase section */

/* Begin PBXGroup section */
		018FA4E1218C9D5300643AD9 /* TravelFeatureKitTests */ = {
			isa = PBXGroup;
			children = (
				018FA4EF218C9D7F00643AD9 /* Feed */,
				018FA4E2218C9D5300643AD9 /* TravelFeatureKitTests.swift */,
				018FA4E4218C9D5300643AD9 /* Info.plist */,
			);
			path = TravelFeatureKitTests;
			sourceTree = "<group>";
		};
		018FA4EF218C9D7F00643AD9 /* Feed */ = {
			isa = PBXGroup;
			children = (
				018FA4F0218C9D8900643AD9 /* FeedPresenterTests.swift */,
			);
			path = Feed;
			sourceTree = "<group>";
		};
		155154F23099882ED8CF4994 /* Frameworks */ = {
			isa = PBXGroup;
			children = (
				018FA4F4218C9FB200643AD9 /* TravelDataKit.framework */,
				018FA4F2218C9FA700643AD9 /* TravelKit.framework */,
				B75CE1FEFCD45A73B1AB4B97 /* Pods_TravelFeatureKit.framework */,
				88BC0D209D8E695F04E07021 /* Pods_TravelFeatureKit_TravelFeatureKitTests.framework */,
			);
			name = Frameworks;
			sourceTree = "<group>";
		};
		1B569ECF7BB4A351152EF37A /* Pods */ = {
			isa = PBXGroup;
			children = (
				79A0B4589BFEE78478F47786 /* Pods-TravelFeatureKit.debug.xcconfig */,
				B4FF4C26E44886479F007DF8 /* Pods-TravelFeatureKit.release.xcconfig */,
				D3EC6ACB6754C44EC3986052 /* Pods-TravelFeatureKit-TravelFeatureKitTests.debug.xcconfig */,
				2EF06E287DEBB67905E27B7B /* Pods-TravelFeatureKit-TravelFeatureKitTests.release.xcconfig */,
			);
			name = Pods;
			sourceTree = "<group>";
		};
		AA0A1ED7215BA9CD00754EC7 = {
			isa = PBXGroup;
			children = (
				AA0A1EE3215BA9CD00754EC7 /* TravelFeatureKit */,
				018FA4E1218C9D5300643AD9 /* TravelFeatureKitTests */,
				AA0A1EE2215BA9CD00754EC7 /* Products */,
				1B569ECF7BB4A351152EF37A /* Pods */,
				155154F23099882ED8CF4994 /* Frameworks */,
			);
			sourceTree = "<group>";
		};
		AA0A1EE2215BA9CD00754EC7 /* Products */ = {
			isa = PBXGroup;
			children = (
				AA0A1EE1215BA9CD00754EC7 /* TravelFeatureKit.framework */,
				018FA4E0218C9D5200643AD9 /* TravelFeatureKitTests.xctest */,
			);
			name = Products;
			sourceTree = "<group>";
		};
		AA0A1EE3215BA9CD00754EC7 /* TravelFeatureKit */ = {
			isa = PBXGroup;
			children = (
				AAC5E78A2162218C0027323C /* Extensions */,
				AA3FD3B7215CDAF9006D9C61 /* Common */,
				AA3FD3A2215CD68D006D9C61 /* Localization */,
				AA3FD369215CCA9F006D9C61 /* Features */,
				AAD7AFC2215D2213000AC1F6 /* templates */,
				AA3FD393215CD34B006D9C61 /* R.generated.swift */,
				AA3FD395215CD361006D9C61 /* Images.xcassets */,
				AA0A1EE4215BA9CD00754EC7 /* TravelFeatureKit.h */,
				AA0A1EE5215BA9CD00754EC7 /* Info.plist */,
			);
			path = TravelFeatureKit;
			sourceTree = "<group>";
		};
		AA3FD369215CCA9F006D9C61 /* Features */ = {
			isa = PBXGroup;
			children = (
				AACDF5F12198882E00789F1A /* Book Trip */,
				AAD7B008215E666D000AC1F6 /* Preferences */,
				AAD7B005215E663B000AC1F6 /* Main */,
				AAD7AFB3215D218C000AC1F6 /* Feed */,
			);
			path = Features;
			sourceTree = "<group>";
		};
		AA3FD3A2215CD68D006D9C61 /* Localization */ = {
			isa = PBXGroup;
			children = (
				AA3FD3A7215CD6CB006D9C61 /* Localizable.strings */,
			);
			path = Localization;
			sourceTree = "<group>";
		};
		AA3FD3B7215CDAF9006D9C61 /* Common */ = {
			isa = PBXGroup;
			children = (
				AACDF60521988E5300789F1A /* FeatureBuilders */,
				AAD7B002215E3121000AC1F6 /* BaseFeature */,
				AAD7B003215E3138000AC1F6 /* Theme.swift */,
				AAD7B019215E6821000AC1F6 /* BaseNavigationViewController.swift */,
			);
			path = Common;
			sourceTree = "<group>";
		};
		AAC5E78A2162218C0027323C /* Extensions */ = {
			isa = PBXGroup;
			children = (
				AAC5E78B216221A00027323C /* UIView+Style.swift */,
				AAC5E78D216221E00027323C /* UIView+AddSubviews.swift */,
				AAC5E78F2162233E0027323C /* UITableView+Dequeue.swift */,
				AAC5E79421622BDB0027323C /* UIButton+SetBackgroundColor.swift */,
			);
			path = Extensions;
			sourceTree = "<group>";
		};
		AAC5E791216223B60027323C /* UI */ = {
			isa = PBXGroup;
			children = (
				AAC5E792216223CC0027323C /* FeedCardCell.swift */,
				AAC5E796216355870027323C /* FeedTableHeaderView.swift */,
			);
			path = UI;
			sourceTree = "<group>";
		};
		AACDF5F12198882E00789F1A /* Book Trip */ = {
			isa = PBXGroup;
			children = (
				AACDF5F22198882E00789F1A /* BookTripPresenter.swift */,
				AACDF5F32198882E00789F1A /* BookTripRouter.swift */,
				AACDF5F42198882E00789F1A /* BookTripModels.swift */,
				AACDF5F52198882E00789F1A /* BookTripConfigurator.swift */,
				AACDF5F62198882E00789F1A /* BookTripInteractor.swift */,
				AACDF5F72198882E00789F1A /* BookTripViewController.swift */,
				AACDF5F82198882E00789F1A /* BookTripAssembly.swift */,
			);
			path = "Book Trip";
			sourceTree = "<group>";
		};
		AACDF60521988E5300789F1A /* FeatureBuilders */ = {
			isa = PBXGroup;
			children = (
				AACDF60621988F1C00789F1A /* BuildersImplementations.swift */,
			);
			path = FeatureBuilders;
			sourceTree = "<group>";
		};
		AAD7AFB3215D218C000AC1F6 /* Feed */ = {
			isa = PBXGroup;
			children = (
				AAC5E791216223B60027323C /* UI */,
				AAD7AFB4215D218C000AC1F6 /* FeedConfigurator.swift */,
				AAD7AFB5215D218C000AC1F6 /* FeedPresenter.swift */,
				AAD7AFB6215D218C000AC1F6 /* FeedInteractor.swift */,
				AAD7AFB7215D218C000AC1F6 /* FeedAssembly.swift */,
				AAD7AFB8215D218C000AC1F6 /* FeedModels.swift */,
				AAD7AFB9215D218C000AC1F6 /* FeedViewController.swift */,
				AAD7AFBA215D218C000AC1F6 /* FeedRouter.swift */,
			);
			path = Feed;
			sourceTree = "<group>";
		};
		AAD7AFC2215D2213000AC1F6 /* templates */ = {
			isa = PBXGroup;
			children = (
				AAD7AFC3215D2213000AC1F6 /* plop */,
			);
			path = templates;
			sourceTree = SOURCE_ROOT;
		};
		AAD7AFC3215D2213000AC1F6 /* plop */ = {
			isa = PBXGroup;
			children = (
				AAD7AFC4215D2213000AC1F6 /* Feature */,
			);
			path = plop;
			sourceTree = "<group>";
		};
		AAD7AFC4215D2213000AC1F6 /* Feature */ = {
			isa = PBXGroup;
			children = (
				AAD7AFC5215D2213000AC1F6 /* Assembly.swift.hbs */,
				AAD7AFC6215D2213000AC1F6 /* Router.swift.hbs */,
				AAD7AFC7215D2214000AC1F6 /* Presenter.swift.hbs */,
				AAD7AFC8215D2214000AC1F6 /* Models.swift.hbs */,
				AAD7AFC9215D2214000AC1F6 /* Interactor.swift.hbs */,
				AAD7AFCA215D2214000AC1F6 /* ViewController.swift.hbs */,
				AAD7AFCB215D2214000AC1F6 /* Configurator.swift.hbs */,
			);
			path = Feature;
			sourceTree = "<group>";
		};
		AAD7B002215E3121000AC1F6 /* BaseFeature */ = {
			isa = PBXGroup;
			children = (
				AA3FD3BA215CDCF5006D9C61 /* ContentState.swift */,
				AA3FD3BE215CE0CA006D9C61 /* FeatureViewController.swift */,
				AA3FD3C2215CE5F1006D9C61 /* ErrorView.swift */,
				AA3FD3C4215CE60E006D9C61 /* EmptyView.swift */,
				AA3FD3C6215CE628006D9C61 /* LoadingView.swift */,
				AA3FD3C8215D1091006D9C61 /* Presenter.swift */,
				AA3FD3CA215D1138006D9C61 /* View.swift */,
				AA3FD3CC215D11AB006D9C61 /* FeaturePresenter.swift */,
				018FA4DA218C9A2D00643AD9 /* FeatureInteractor.swift */,
			);
			path = BaseFeature;
			sourceTree = "<group>";
		};
		AAD7B005215E663B000AC1F6 /* Main */ = {
			isa = PBXGroup;
			children = (
				AAD7B006215E6645000AC1F6 /* MainConfigurator.swift */,
				AAD7B017215E66C9000AC1F6 /* MainViewController.swift */,
				AAD7B01B215E6905000AC1F6 /* MainAssembly.swift */,
			);
			path = Main;
			sourceTree = "<group>";
		};
		AAD7B008215E666D000AC1F6 /* Preferences */ = {
			isa = PBXGroup;
			children = (
				AAD7B009215E666D000AC1F6 /* PreferencesPresenter.swift */,
				AAD7B00A215E666D000AC1F6 /* PreferencesConfigurator.swift */,
				AAD7B00B215E666D000AC1F6 /* PreferencesViewController.swift */,
				AAD7B00C215E666D000AC1F6 /* PreferencesRouter.swift */,
				AAD7B00D215E666D000AC1F6 /* PreferencesInteractor.swift */,
				AAD7B00E215E666D000AC1F6 /* PreferencesModels.swift */,
				AAD7B00F215E666D000AC1F6 /* PreferencesAssembly.swift */,
			);
			path = Preferences;
			sourceTree = "<group>";
		};
/* End PBXGroup section */

/* Begin PBXHeadersBuildPhase section */
		AA0A1EDC215BA9CD00754EC7 /* Headers */ = {
			isa = PBXHeadersBuildPhase;
			buildActionMask = 2147483647;
			files = (
				AA0A1EE6215BA9CD00754EC7 /* TravelFeatureKit.h in Headers */,
			);
			runOnlyForDeploymentPostprocessing = 0;
		};
/* End PBXHeadersBuildPhase section */

/* Begin PBXNativeTarget section */
		018FA4DF218C9D5200643AD9 /* TravelFeatureKitTests */ = {
			isa = PBXNativeTarget;
			buildConfigurationList = 018FA4E8218C9D5300643AD9 /* Build configuration list for PBXNativeTarget "TravelFeatureKitTests" */;
			buildPhases = (
				2F93E3DAF9371CF2A78AE6F3 /* [CP] Check Pods Manifest.lock */,
				018FA4DC218C9D5200643AD9 /* Sources */,
				018FA4DD218C9D5200643AD9 /* Frameworks */,
				018FA4DE218C9D5200643AD9 /* Resources */,
				BFEE919DD55538BC736227C6 /* [CP] Embed Pods Frameworks */,
			);
			buildRules = (
			);
			dependencies = (
				018FA4E7218C9D5300643AD9 /* PBXTargetDependency */,
			);
			name = TravelFeatureKitTests;
			productName = TravelFeatureKitTests;
			productReference = 018FA4E0218C9D5200643AD9 /* TravelFeatureKitTests.xctest */;
			productType = "com.apple.product-type.bundle.unit-test";
		};
		AA0A1EE0215BA9CD00754EC7 /* TravelFeatureKit */ = {
			isa = PBXNativeTarget;
			buildConfigurationList = AA0A1EE9215BA9CD00754EC7 /* Build configuration list for PBXNativeTarget "TravelFeatureKit" */;
			buildPhases = (
				4775E592B947F6DF5FB94FD5 /* [CP] Check Pods Manifest.lock */,
				AA0A1EDC215BA9CD00754EC7 /* Headers */,
				AA3FD36E215CCBCE006D9C61 /* ShellScript */,
				AACDF60021988DC200789F1A /* Generate builders */,
				AA0A1EDD215BA9CD00754EC7 /* Sources */,
				AA0A1EDE215BA9CD00754EC7 /* Frameworks */,
				AA0A1EDF215BA9CD00754EC7 /* Resources */,
			);
			buildRules = (
			);
			dependencies = (
			);
			name = TravelFeatureKit;
			productName = TravelFeatureKit;
			productReference = AA0A1EE1215BA9CD00754EC7 /* TravelFeatureKit.framework */;
			productType = "com.apple.product-type.framework";
		};
/* End PBXNativeTarget section */

/* Begin PBXProject section */
		AA0A1ED8215BA9CD00754EC7 /* Project object */ = {
			isa = PBXProject;
			attributes = {
				LastSwiftUpdateCheck = 1000;
				LastUpgradeCheck = 1000;
				ORGANIZATIONNAME = "Povilas Staskus";
				TargetAttributes = {
					018FA4DF218C9D5200643AD9 = {
						CreatedOnToolsVersion = 10.0;
					};
					AA0A1EE0215BA9CD00754EC7 = {
						CreatedOnToolsVersion = 10.0;
						LastSwiftMigration = 1000;
					};
				};
			};
			buildConfigurationList = AA0A1EDB215BA9CD00754EC7 /* Build configuration list for PBXProject "TravelFeatureKit" */;
			compatibilityVersion = "Xcode 9.3";
			developmentRegion = en;
			hasScannedForEncodings = 0;
			knownRegions = (
				en,
			);
			mainGroup = AA0A1ED7215BA9CD00754EC7;
			productRefGroup = AA0A1EE2215BA9CD00754EC7 /* Products */;
			projectDirPath = "";
			projectRoot = "";
			targets = (
				AA0A1EE0215BA9CD00754EC7 /* TravelFeatureKit */,
				018FA4DF218C9D5200643AD9 /* TravelFeatureKitTests */,
			);
		};
/* End PBXProject section */

/* Begin PBXResourcesBuildPhase section */
		018FA4DE218C9D5200643AD9 /* Resources */ = {
			isa = PBXResourcesBuildPhase;
			buildActionMask = 2147483647;
			files = (
			);
			runOnlyForDeploymentPostprocessing = 0;
		};
		AA0A1EDF215BA9CD00754EC7 /* Resources */ = {
			isa = PBXResourcesBuildPhase;
			buildActionMask = 2147483647;
			files = (
				AAD7AFCE215D2214000AC1F6 /* Presenter.swift.hbs in Resources */,
				AA3FD396215CD361006D9C61 /* Images.xcassets in Resources */,
				AAD7AFCF215D2214000AC1F6 /* Models.swift.hbs in Resources */,
				AAD7AFCC215D2214000AC1F6 /* Assembly.swift.hbs in Resources */,
				AAD7AFD2215D2214000AC1F6 /* Configurator.swift.hbs in Resources */,
				AA3FD3A5215CD6CB006D9C61 /* Localizable.strings in Resources */,
				AAD7AFD1215D2214000AC1F6 /* ViewController.swift.hbs in Resources */,
				AAD7AFCD215D2214000AC1F6 /* Router.swift.hbs in Resources */,
				AAD7AFD0215D2214000AC1F6 /* Interactor.swift.hbs in Resources */,
			);
			runOnlyForDeploymentPostprocessing = 0;
		};
/* End PBXResourcesBuildPhase section */

/* Begin PBXShellScriptBuildPhase section */
		2F93E3DAF9371CF2A78AE6F3 /* [CP] Check Pods Manifest.lock */ = {
			isa = PBXShellScriptBuildPhase;
			buildActionMask = 2147483647;
			files = (
			);
			inputPaths = (
				"${PODS_PODFILE_DIR_PATH}/Podfile.lock",
				"${PODS_ROOT}/Manifest.lock",
			);
			name = "[CP] Check Pods Manifest.lock";
			outputPaths = (
				"$(DERIVED_FILE_DIR)/Pods-TravelFeatureKit-TravelFeatureKitTests-checkManifestLockResult.txt",
			);
			runOnlyForDeploymentPostprocessing = 0;
			shellPath = /bin/sh;
			shellScript = "diff \"${PODS_PODFILE_DIR_PATH}/Podfile.lock\" \"${PODS_ROOT}/Manifest.lock\" > /dev/null\nif [ $? != 0 ] ; then\n    # print error to STDERR\n    echo \"error: The sandbox is not in sync with the Podfile.lock. Run 'pod install' or update your CocoaPods installation.\" >&2\n    exit 1\nfi\n# This output is used by Xcode 'outputs' to avoid re-running this script phase.\necho \"SUCCESS\" > \"${SCRIPT_OUTPUT_FILE_0}\"\n";
			showEnvVarsInLog = 0;
		};
		4775E592B947F6DF5FB94FD5 /* [CP] Check Pods Manifest.lock */ = {
			isa = PBXShellScriptBuildPhase;
			buildActionMask = 2147483647;
			files = (
			);
			inputPaths = (
				"${PODS_PODFILE_DIR_PATH}/Podfile.lock",
				"${PODS_ROOT}/Manifest.lock",
			);
			name = "[CP] Check Pods Manifest.lock";
			outputPaths = (
				"$(DERIVED_FILE_DIR)/Pods-TravelFeatureKit-checkManifestLockResult.txt",
			);
			runOnlyForDeploymentPostprocessing = 0;
			shellPath = /bin/sh;
			shellScript = "diff \"${PODS_PODFILE_DIR_PATH}/Podfile.lock\" \"${PODS_ROOT}/Manifest.lock\" > /dev/null\nif [ $? != 0 ] ; then\n    # print error to STDERR\n    echo \"error: The sandbox is not in sync with the Podfile.lock. Run 'pod install' or update your CocoaPods installation.\" >&2\n    exit 1\nfi\n# This output is used by Xcode 'outputs' to avoid re-running this script phase.\necho \"SUCCESS\" > \"${SCRIPT_OUTPUT_FILE_0}\"\n";
			showEnvVarsInLog = 0;
		};
		AA3FD36E215CCBCE006D9C61 /* ShellScript */ = {
			isa = PBXShellScriptBuildPhase;
			buildActionMask = 2147483647;
			files = (
			);
			inputPaths = (
			);
			outputPaths = (
			);
			runOnlyForDeploymentPostprocessing = 0;
			shellPath = /bin/sh;
			shellScript = "\"$PODS_ROOT/R.swift/rswift\" generate \"$SRCROOT\"\n";
		};
		AACDF60021988DC200789F1A /* Generate builders */ = {
			isa = PBXShellScriptBuildPhase;
			buildActionMask = 2147483647;
			files = (
			);
			inputFileListPaths = (
			);
			inputPaths = (
			);
			name = "Generate builders";
			outputFileListPaths = (
			);
			outputPaths = (
			);
			runOnlyForDeploymentPostprocessing = 0;
			shellPath = /bin/sh;
			shellScript = "set -ex\n\n\"${SRCROOT}/Pods/Sourcery/bin/sourcery\" \\\n--sources ${SRCROOT}/TravelFeatureKit/Features \\\n--templates ${SRCROOT}/templates/sourcery/Builder.stencil \\\n--output ${SRCROOT}/TravelFeatureKit/Common/FeatureBuilders/BuildersImplementations.swift\n";
		};
		BFEE919DD55538BC736227C6 /* [CP] Embed Pods Frameworks */ = {
			isa = PBXShellScriptBuildPhase;
			buildActionMask = 2147483647;
			files = (
			);
			inputPaths = (
				"${SRCROOT}/Pods/Target Support Files/Pods-TravelFeatureKit-TravelFeatureKitTests/Pods-TravelFeatureKit-TravelFeatureKitTests-frameworks.sh",
				"${BUILT_PRODUCTS_DIR}/CocoaLumberjack/CocoaLumberjack.framework",
				"${BUILT_PRODUCTS_DIR}/ObjectMapper/ObjectMapper.framework",
				"${BUILT_PRODUCTS_DIR}/ObjectMapper+Realm/ObjectMapper_Realm.framework",
				"${BUILT_PRODUCTS_DIR}/ObjectMapperAdditions/ObjectMapperAdditions.framework",
				"${BUILT_PRODUCTS_DIR}/Realm/Realm.framework",
				"${BUILT_PRODUCTS_DIR}/RealmSwift/RealmSwift.framework",
				"${BUILT_PRODUCTS_DIR}/RxSwift/RxSwift.framework",
				"${BUILT_PRODUCTS_DIR}/SwiftDate/SwiftDate.framework",
				"${BUILT_PRODUCTS_DIR}/Alamofire/Alamofire.framework",
				"${BUILT_PRODUCTS_DIR}/RxAlamofire/RxAlamofire.framework",
				"${BUILT_PRODUCTS_DIR}/Swinject/Swinject.framework",
				"${BUILT_PRODUCTS_DIR}/R.swift.Library/Rswift.framework",
				"${BUILT_PRODUCTS_DIR}/RxCocoa/RxCocoa.framework",
				"${BUILT_PRODUCTS_DIR}/SDWebImage/SDWebImage.framework",
				"${BUILT_PRODUCTS_DIR}/SnapKit/SnapKit.framework",
			);
			name = "[CP] Embed Pods Frameworks";
			outputPaths = (
				"${TARGET_BUILD_DIR}/${FRAMEWORKS_FOLDER_PATH}/CocoaLumberjack.framework",
				"${TARGET_BUILD_DIR}/${FRAMEWORKS_FOLDER_PATH}/ObjectMapper.framework",
				"${TARGET_BUILD_DIR}/${FRAMEWORKS_FOLDER_PATH}/ObjectMapper_Realm.framework",
				"${TARGET_BUILD_DIR}/${FRAMEWORKS_FOLDER_PATH}/ObjectMapperAdditions.framework",
				"${TARGET_BUILD_DIR}/${FRAMEWORKS_FOLDER_PATH}/Realm.framework",
				"${TARGET_BUILD_DIR}/${FRAMEWORKS_FOLDER_PATH}/RealmSwift.framework",
				"${TARGET_BUILD_DIR}/${FRAMEWORKS_FOLDER_PATH}/RxSwift.framework",
				"${TARGET_BUILD_DIR}/${FRAMEWORKS_FOLDER_PATH}/SwiftDate.framework",
				"${TARGET_BUILD_DIR}/${FRAMEWORKS_FOLDER_PATH}/Alamofire.framework",
				"${TARGET_BUILD_DIR}/${FRAMEWORKS_FOLDER_PATH}/RxAlamofire.framework",
				"${TARGET_BUILD_DIR}/${FRAMEWORKS_FOLDER_PATH}/Swinject.framework",
				"${TARGET_BUILD_DIR}/${FRAMEWORKS_FOLDER_PATH}/Rswift.framework",
				"${TARGET_BUILD_DIR}/${FRAMEWORKS_FOLDER_PATH}/RxCocoa.framework",
				"${TARGET_BUILD_DIR}/${FRAMEWORKS_FOLDER_PATH}/SDWebImage.framework",
				"${TARGET_BUILD_DIR}/${FRAMEWORKS_FOLDER_PATH}/SnapKit.framework",
			);
			runOnlyForDeploymentPostprocessing = 0;
			shellPath = /bin/sh;
			shellScript = "\"${SRCROOT}/Pods/Target Support Files/Pods-TravelFeatureKit-TravelFeatureKitTests/Pods-TravelFeatureKit-TravelFeatureKitTests-frameworks.sh\"\n";
			showEnvVarsInLog = 0;
		};
/* End PBXShellScriptBuildPhase section */

/* Begin PBXSourcesBuildPhase section */
		018FA4DC218C9D5200643AD9 /* Sources */ = {
			isa = PBXSourcesBuildPhase;
			buildActionMask = 2147483647;
			files = (
				018FA4F1218C9D8900643AD9 /* FeedPresenterTests.swift in Sources */,
				018FA4E3218C9D5300643AD9 /* TravelFeatureKitTests.swift in Sources */,
			);
			runOnlyForDeploymentPostprocessing = 0;
		};
		AA0A1EDD215BA9CD00754EC7 /* Sources */ = {
			isa = PBXSourcesBuildPhase;
			buildActionMask = 2147483647;
			files = (
				AACDF5FD2198882E00789F1A /* BookTripInteractor.swift in Sources */,
				AAD7AFBF215D218C000AC1F6 /* FeedModels.swift in Sources */,
				AAD7B018215E66C9000AC1F6 /* MainViewController.swift in Sources */,
				AAD7B01C215E6905000AC1F6 /* MainAssembly.swift in Sources */,
				AACDF5FC2198882E00789F1A /* BookTripConfigurator.swift in Sources */,
				AA3FD3CB215D1138006D9C61 /* View.swift in Sources */,
				AAD7B016215E666E000AC1F6 /* PreferencesAssembly.swift in Sources */,
				AAD7B010215E666D000AC1F6 /* PreferencesPresenter.swift in Sources */,
				AA3FD3BB215CDCF5006D9C61 /* ContentState.swift in Sources */,
				AAD7AFBC215D218C000AC1F6 /* FeedPresenter.swift in Sources */,
				AAD7B012215E666D000AC1F6 /* PreferencesViewController.swift in Sources */,
				AAC5E78C216221A00027323C /* UIView+Style.swift in Sources */,
				AAD7AFC1215D218C000AC1F6 /* FeedRouter.swift in Sources */,
				AA3FD3CD215D11AB006D9C61 /* FeaturePresenter.swift in Sources */,
				AAD7B015215E666E000AC1F6 /* PreferencesModels.swift in Sources */,
				AA3FD3C5215CE60E006D9C61 /* EmptyView.swift in Sources */,
				AAD7B014215E666E000AC1F6 /* PreferencesInteractor.swift in Sources */,
				AA3FD394215CD34B006D9C61 /* R.generated.swift in Sources */,
				AAD7AFBB215D218C000AC1F6 /* FeedConfigurator.swift in Sources */,
				AACDF5FB2198882E00789F1A /* BookTripModels.swift in Sources */,
				AACDF5FE2198882E00789F1A /* BookTripViewController.swift in Sources */,
				AAD7B013215E666E000AC1F6 /* PreferencesRouter.swift in Sources */,
				AA3FD3C9215D1091006D9C61 /* Presenter.swift in Sources */,
				AAC5E7902162233E0027323C /* UITableView+Dequeue.swift in Sources */,
				AAD7AFBD215D218C000AC1F6 /* FeedInteractor.swift in Sources */,
				AAD7B007215E6645000AC1F6 /* MainConfigurator.swift in Sources */,
				AAD7B011215E666D000AC1F6 /* PreferencesConfigurator.swift in Sources */,
				AA3FD3BF215CE0CA006D9C61 /* FeatureViewController.swift in Sources */,
				AACDF60721988F1C00789F1A /* BuildersImplementations.swift in Sources */,
				AACDF5F92198882E00789F1A /* BookTripPresenter.swift in Sources */,
				AAC5E797216355870027323C /* FeedTableHeaderView.swift in Sources */,
				AAD7AFC0215D218C000AC1F6 /* FeedViewController.swift in Sources */,
				AACDF5FA2198882E00789F1A /* BookTripRouter.swift in Sources */,
				AAD7AFBE215D218C000AC1F6 /* FeedAssembly.swift in Sources */,
				018FA4DB218C9A2D00643AD9 /* FeatureInteractor.swift in Sources */,
				AA3FD3C7215CE628006D9C61 /* LoadingView.swift in Sources */,
				AAC5E793216223CC0027323C /* FeedCardCell.swift in Sources */,
				AAC5E78E216221E00027323C /* UIView+AddSubviews.swift in Sources */,
				AACDF5FF2198882E00789F1A /* BookTripAssembly.swift in Sources */,
				AAD7B01A215E6821000AC1F6 /* BaseNavigationViewController.swift in Sources */,
				AA3FD3C3215CE5F1006D9C61 /* ErrorView.swift in Sources */,
				AAC5E79521622BDB0027323C /* UIButton+SetBackgroundColor.swift in Sources */,
				AAD7B004215E3138000AC1F6 /* Theme.swift in Sources */,
			);
			runOnlyForDeploymentPostprocessing = 0;
		};
/* End PBXSourcesBuildPhase section */

/* Begin PBXTargetDependency section */
		018FA4E7218C9D5300643AD9 /* PBXTargetDependency */ = {
			isa = PBXTargetDependency;
			target = AA0A1EE0215BA9CD00754EC7 /* TravelFeatureKit */;
			targetProxy = 018FA4E6218C9D5300643AD9 /* PBXContainerItemProxy */;
		};
/* End PBXTargetDependency section */

/* Begin PBXVariantGroup section */
		AA3FD3A7215CD6CB006D9C61 /* Localizable.strings */ = {
			isa = PBXVariantGroup;
			children = (
				AA3FD3A6215CD6CB006D9C61 /* en */,
			);
			name = Localizable.strings;
			sourceTree = "<group>";
		};
/* End PBXVariantGroup section */

/* Begin XCBuildConfiguration section */
		018FA4E9218C9D5300643AD9 /* Debug */ = {
			isa = XCBuildConfiguration;
			baseConfigurationReference = D3EC6ACB6754C44EC3986052 /* Pods-TravelFeatureKit-TravelFeatureKitTests.debug.xcconfig */;
			buildSettings = {
				CODE_SIGN_STYLE = Automatic;
				INFOPLIST_FILE = TravelFeatureKitTests/Info.plist;
				LD_RUNPATH_SEARCH_PATHS = (
					"$(inherited)",
					"@executable_path/Frameworks",
					"@loader_path/Frameworks",
				);
				PRODUCT_BUNDLE_IDENTIFIER = "Povilas-Staskus.TravelFeatureKitTests";
				PRODUCT_NAME = "$(TARGET_NAME)";
				SWIFT_VERSION = 4.2;
				TARGETED_DEVICE_FAMILY = "1,2";
			};
			name = Debug;
		};
		018FA4EA218C9D5300643AD9 /* Release */ = {
			isa = XCBuildConfiguration;
			baseConfigurationReference = 2EF06E287DEBB67905E27B7B /* Pods-TravelFeatureKit-TravelFeatureKitTests.release.xcconfig */;
			buildSettings = {
				CODE_SIGN_STYLE = Automatic;
				INFOPLIST_FILE = TravelFeatureKitTests/Info.plist;
				LD_RUNPATH_SEARCH_PATHS = (
					"$(inherited)",
					"@executable_path/Frameworks",
					"@loader_path/Frameworks",
				);
				PRODUCT_BUNDLE_IDENTIFIER = "Povilas-Staskus.TravelFeatureKitTests";
				PRODUCT_NAME = "$(TARGET_NAME)";
				SWIFT_VERSION = 4.2;
				TARGETED_DEVICE_FAMILY = "1,2";
			};
			name = Release;
		};
		AA0A1EE7215BA9CD00754EC7 /* Debug */ = {
			isa = XCBuildConfiguration;
			buildSettings = {
				ALWAYS_SEARCH_USER_PATHS = NO;
				CLANG_ANALYZER_NONNULL = YES;
				CLANG_ANALYZER_NUMBER_OBJECT_CONVERSION = YES_AGGRESSIVE;
				CLANG_CXX_LANGUAGE_STANDARD = "gnu++14";
				CLANG_CXX_LIBRARY = "libc++";
				CLANG_ENABLE_MODULES = YES;
				CLANG_ENABLE_OBJC_ARC = YES;
				CLANG_ENABLE_OBJC_WEAK = YES;
				CLANG_WARN_BLOCK_CAPTURE_AUTORELEASING = YES;
				CLANG_WARN_BOOL_CONVERSION = YES;
				CLANG_WARN_COMMA = YES;
				CLANG_WARN_CONSTANT_CONVERSION = YES;
				CLANG_WARN_DEPRECATED_OBJC_IMPLEMENTATIONS = YES;
				CLANG_WARN_DIRECT_OBJC_ISA_USAGE = YES_ERROR;
				CLANG_WARN_DOCUMENTATION_COMMENTS = YES;
				CLANG_WARN_EMPTY_BODY = YES;
				CLANG_WARN_ENUM_CONVERSION = YES;
				CLANG_WARN_INFINITE_RECURSION = YES;
				CLANG_WARN_INT_CONVERSION = YES;
				CLANG_WARN_NON_LITERAL_NULL_CONVERSION = YES;
				CLANG_WARN_OBJC_IMPLICIT_RETAIN_SELF = YES;
				CLANG_WARN_OBJC_LITERAL_CONVERSION = YES;
				CLANG_WARN_OBJC_ROOT_CLASS = YES_ERROR;
				CLANG_WARN_RANGE_LOOP_ANALYSIS = YES;
				CLANG_WARN_STRICT_PROTOTYPES = YES;
				CLANG_WARN_SUSPICIOUS_MOVE = YES;
				CLANG_WARN_UNGUARDED_AVAILABILITY = YES_AGGRESSIVE;
				CLANG_WARN_UNREACHABLE_CODE = YES;
				CLANG_WARN__DUPLICATE_METHOD_MATCH = YES;
				CODE_SIGN_IDENTITY = "iPhone Developer";
				COPY_PHASE_STRIP = NO;
				CURRENT_PROJECT_VERSION = 1;
				DEBUG_INFORMATION_FORMAT = dwarf;
				ENABLE_STRICT_OBJC_MSGSEND = YES;
				ENABLE_TESTABILITY = YES;
				GCC_C_LANGUAGE_STANDARD = gnu11;
				GCC_DYNAMIC_NO_PIC = NO;
				GCC_NO_COMMON_BLOCKS = YES;
				GCC_OPTIMIZATION_LEVEL = 0;
				GCC_PREPROCESSOR_DEFINITIONS = (
					"DEBUG=1",
					"$(inherited)",
				);
				GCC_WARN_64_TO_32_BIT_CONVERSION = YES;
				GCC_WARN_ABOUT_RETURN_TYPE = YES_ERROR;
				GCC_WARN_UNDECLARED_SELECTOR = YES;
				GCC_WARN_UNINITIALIZED_AUTOS = YES_AGGRESSIVE;
				GCC_WARN_UNUSED_FUNCTION = YES;
				GCC_WARN_UNUSED_VARIABLE = YES;
				IPHONEOS_DEPLOYMENT_TARGET = 12.0;
				MTL_ENABLE_DEBUG_INFO = INCLUDE_SOURCE;
				MTL_FAST_MATH = YES;
				ONLY_ACTIVE_ARCH = YES;
				SDKROOT = iphoneos;
				SWIFT_ACTIVE_COMPILATION_CONDITIONS = DEBUG;
				SWIFT_OPTIMIZATION_LEVEL = "-Onone";
				VERSIONING_SYSTEM = "apple-generic";
				VERSION_INFO_PREFIX = "";
			};
			name = Debug;
		};
		AA0A1EE8215BA9CD00754EC7 /* Release */ = {
			isa = XCBuildConfiguration;
			buildSettings = {
				ALWAYS_SEARCH_USER_PATHS = NO;
				CLANG_ANALYZER_NONNULL = YES;
				CLANG_ANALYZER_NUMBER_OBJECT_CONVERSION = YES_AGGRESSIVE;
				CLANG_CXX_LANGUAGE_STANDARD = "gnu++14";
				CLANG_CXX_LIBRARY = "libc++";
				CLANG_ENABLE_MODULES = YES;
				CLANG_ENABLE_OBJC_ARC = YES;
				CLANG_ENABLE_OBJC_WEAK = YES;
				CLANG_WARN_BLOCK_CAPTURE_AUTORELEASING = YES;
				CLANG_WARN_BOOL_CONVERSION = YES;
				CLANG_WARN_COMMA = YES;
				CLANG_WARN_CONSTANT_CONVERSION = YES;
				CLANG_WARN_DEPRECATED_OBJC_IMPLEMENTATIONS = YES;
				CLANG_WARN_DIRECT_OBJC_ISA_USAGE = YES_ERROR;
				CLANG_WARN_DOCUMENTATION_COMMENTS = YES;
				CLANG_WARN_EMPTY_BODY = YES;
				CLANG_WARN_ENUM_CONVERSION = YES;
				CLANG_WARN_INFINITE_RECURSION = YES;
				CLANG_WARN_INT_CONVERSION = YES;
				CLANG_WARN_NON_LITERAL_NULL_CONVERSION = YES;
				CLANG_WARN_OBJC_IMPLICIT_RETAIN_SELF = YES;
				CLANG_WARN_OBJC_LITERAL_CONVERSION = YES;
				CLANG_WARN_OBJC_ROOT_CLASS = YES_ERROR;
				CLANG_WARN_RANGE_LOOP_ANALYSIS = YES;
				CLANG_WARN_STRICT_PROTOTYPES = YES;
				CLANG_WARN_SUSPICIOUS_MOVE = YES;
				CLANG_WARN_UNGUARDED_AVAILABILITY = YES_AGGRESSIVE;
				CLANG_WARN_UNREACHABLE_CODE = YES;
				CLANG_WARN__DUPLICATE_METHOD_MATCH = YES;
				CODE_SIGN_IDENTITY = "iPhone Developer";
				COPY_PHASE_STRIP = NO;
				CURRENT_PROJECT_VERSION = 1;
				DEBUG_INFORMATION_FORMAT = "dwarf-with-dsym";
				ENABLE_NS_ASSERTIONS = NO;
				ENABLE_STRICT_OBJC_MSGSEND = YES;
				GCC_C_LANGUAGE_STANDARD = gnu11;
				GCC_NO_COMMON_BLOCKS = YES;
				GCC_WARN_64_TO_32_BIT_CONVERSION = YES;
				GCC_WARN_ABOUT_RETURN_TYPE = YES_ERROR;
				GCC_WARN_UNDECLARED_SELECTOR = YES;
				GCC_WARN_UNINITIALIZED_AUTOS = YES_AGGRESSIVE;
				GCC_WARN_UNUSED_FUNCTION = YES;
				GCC_WARN_UNUSED_VARIABLE = YES;
				IPHONEOS_DEPLOYMENT_TARGET = 12.0;
				MTL_ENABLE_DEBUG_INFO = NO;
				MTL_FAST_MATH = YES;
				SDKROOT = iphoneos;
				SWIFT_COMPILATION_MODE = wholemodule;
				SWIFT_OPTIMIZATION_LEVEL = "-O";
				VALIDATE_PRODUCT = YES;
				VERSIONING_SYSTEM = "apple-generic";
				VERSION_INFO_PREFIX = "";
			};
			name = Release;
		};
		AA0A1EEA215BA9CD00754EC7 /* Debug */ = {
			isa = XCBuildConfiguration;
			baseConfigurationReference = 79A0B4589BFEE78478F47786 /* Pods-TravelFeatureKit.debug.xcconfig */;
			buildSettings = {
				CLANG_ENABLE_MODULES = YES;
				CODE_SIGN_IDENTITY = "";
				CODE_SIGN_STYLE = Automatic;
				DEFINES_MODULE = YES;
				DEVELOPMENT_TEAM = L4KYCD4RPZ;
				DYLIB_COMPATIBILITY_VERSION = 1;
				DYLIB_CURRENT_VERSION = 1;
				DYLIB_INSTALL_NAME_BASE = "@rpath";
				INFOPLIST_FILE = TravelFeatureKit/Info.plist;
				INSTALL_PATH = "$(LOCAL_LIBRARY_DIR)/Frameworks";
				IPHONEOS_DEPLOYMENT_TARGET = 11.0;
				LD_RUNPATH_SEARCH_PATHS = (
					"$(inherited)",
					"@executable_path/Frameworks",
					"@loader_path/Frameworks",
				);
				PRODUCT_BUNDLE_IDENTIFIER = "Povilas-Staskus.TravelFeatureKit";
				PRODUCT_NAME = "$(TARGET_NAME:c99extidentifier)";
				SKIP_INSTALL = YES;
				SWIFT_OPTIMIZATION_LEVEL = "-Onone";
				SWIFT_VERSION = 4.2;
				TARGETED_DEVICE_FAMILY = "1,2";
			};
			name = Debug;
		};
		AA0A1EEB215BA9CD00754EC7 /* Release */ = {
			isa = XCBuildConfiguration;
			baseConfigurationReference = B4FF4C26E44886479F007DF8 /* Pods-TravelFeatureKit.release.xcconfig */;
			buildSettings = {
				CLANG_ENABLE_MODULES = YES;
				CODE_SIGN_IDENTITY = "";
				CODE_SIGN_STYLE = Automatic;
				DEFINES_MODULE = YES;
				DEVELOPMENT_TEAM = L4KYCD4RPZ;
				DYLIB_COMPATIBILITY_VERSION = 1;
				DYLIB_CURRENT_VERSION = 1;
				DYLIB_INSTALL_NAME_BASE = "@rpath";
				INFOPLIST_FILE = TravelFeatureKit/Info.plist;
				INSTALL_PATH = "$(LOCAL_LIBRARY_DIR)/Frameworks";
				IPHONEOS_DEPLOYMENT_TARGET = 11.0;
				LD_RUNPATH_SEARCH_PATHS = (
					"$(inherited)",
					"@executable_path/Frameworks",
					"@loader_path/Frameworks",
				);
				PRODUCT_BUNDLE_IDENTIFIER = "Povilas-Staskus.TravelFeatureKit";
				PRODUCT_NAME = "$(TARGET_NAME:c99extidentifier)";
				SKIP_INSTALL = YES;
				SWIFT_VERSION = 4.2;
				TARGETED_DEVICE_FAMILY = "1,2";
			};
			name = Release;
		};
/* End XCBuildConfiguration section */

/* Begin XCConfigurationList section */
		018FA4E8218C9D5300643AD9 /* Build configuration list for PBXNativeTarget "TravelFeatureKitTests" */ = {
			isa = XCConfigurationList;
			buildConfigurations = (
				018FA4E9218C9D5300643AD9 /* Debug */,
				018FA4EA218C9D5300643AD9 /* Release */,
			);
			defaultConfigurationIsVisible = 0;
			defaultConfigurationName = Release;
		};
		AA0A1EDB215BA9CD00754EC7 /* Build configuration list for PBXProject "TravelFeatureKit" */ = {
			isa = XCConfigurationList;
			buildConfigurations = (
				AA0A1EE7215BA9CD00754EC7 /* Debug */,
				AA0A1EE8215BA9CD00754EC7 /* Release */,
			);
			defaultConfigurationIsVisible = 0;
			defaultConfigurationName = Release;
		};
		AA0A1EE9215BA9CD00754EC7 /* Build configuration list for PBXNativeTarget "TravelFeatureKit" */ = {
			isa = XCConfigurationList;
			buildConfigurations = (
				AA0A1EEA215BA9CD00754EC7 /* Debug */,
				AA0A1EEB215BA9CD00754EC7 /* Release */,
			);
			defaultConfigurationIsVisible = 0;
			defaultConfigurationName = Release;
		};
/* End XCConfigurationList section */
	};
	rootObject = AA0A1ED8215BA9CD00754EC7 /* Project object */;
}
