PODS:
  - Alamofire (4.7.3)
  - CocoaLumberjack/Default (3.4.2)
  - CocoaLumberjack/Swift (3.4.2):
    - CocoaLumberjack/Default
  - ObjectMapper (3.3.0)
  - "ObjectMapper+Realm (0.6)":
    - ObjectMapper
    - RealmSwift
  - ObjectMapperAdditions/Core (4.1.0):
    - ObjectMapper
  - R.swift (4.0.0):
    - R.swift.Library (~> 4.0.0)
  - R.swift.Library (4.0.0)
  - Realm (3.10.0):
    - Realm/Headers (= 3.10.0)
  - Realm/Headers (3.10.0)
  - RealmSwift (3.10.0):
    - Realm (= 3.10.0)
  - RxAlamofire (4.3.0):
    - RxAlamofire/Core (= 4.3.0)
  - RxAlamofire/Core (4.3.0):
    - Alamofire (~> 4.5)
    - RxSwift (~> 4)
  - RxBlocking (4.0.0):
    - RxSwift (~> 4.0)
  - RxSwift (4.3.1)
  - SDWebImage (4.4.2):
    - SDWebImage/Core (= 4.4.2)
  - SDWebImage/Core (4.4.2)
  - SnapKit (4.0.1)
  - SwiftDate (5.0.9)
  - Swinject (2.5.0)

DEPENDENCIES:
  - Alamofire (~> 4.7)
  - CocoaLumberjack/Swift
  - ObjectMapper (~> 3.3)
  - "ObjectMapper+Realm (~> 0.6)"
  - ObjectMapperAdditions/Core (~> 4.1)
  - R.swift
  - RealmSwift
  - RxAlamofire (~> 4.2)
  - RxBlocking (~> 4.0.0)
  - RxSwift (~> 4.2)
  - SDWebImage (~> 4.0)
  - SnapKit (~> 4.0.0)
  - SwiftDate (~> 5.0)
  - Swinject (~> 2.4)

SPEC REPOS:
  https://github.com/CocoaPods/Specs.git:
    - Alamofire
    - CocoaLumberjack
    - ObjectMapper
    - "ObjectMapper+Realm"
    - ObjectMapperAdditions
    - R.swift
    - R.swift.Library
    - Realm
    - RealmSwift
    - RxAlamofire
    - RxBlocking
    - RxSwift
    - SDWebImage
    - SnapKit
    - SwiftDate
    - Swinject

SPEC CHECKSUMS:
  Alamofire: c7287b6e5d7da964a70935e5db17046b7fde6568
  CocoaLumberjack: db7cc9e464771f12054c22ff6947c5a58d43a0fd
  ObjectMapper: b612bf8c8e99c4dc0bb6013a51f7c27966ed5da9
  "ObjectMapper+Realm": 4cf44ed3202a73f08594e21e13eb3f8aa9b5a664
  ObjectMapperAdditions: db4243e10ebd9abf7e5e7938e4b0a4bbfd840980
  R.swift: d6a5ec2f55a8441dc0ed9f1f8b37d7d11ae85c66
  R.swift.Library: c3af34921024333546e23b70e70d0b4e0cffca75
  Realm: 85ab9e4f779d66f6e9ffeb118dc25b7f130c96ac
  RealmSwift: 69121c8b86d0ae005fb779efdb10e606732e1c74
  RxAlamofire: 09624d0f2d48ed8b686e4eb4cf68e28cbd2df556
  RxBlocking: 923c2c8106d80d7c2d6b276afd66ce3b10824836
  RxSwift: fe0fd770a43acdb7d0a53da411c9b892e69bb6e4
  SDWebImage: 624d6e296c69b244bcede364c72ae0430ac14681
  SnapKit: 0de968a9fec17499afa29683b05d0c775b6d1c29
  SwiftDate: 52b718d32ec006861a2be2756cbfa482d438e781
  Swinject: 82cdb851f63f91bba974e3eca1d69780f2f7677e

PODFILE CHECKSUM: 0a98222aba53e7365a1a5d996f576445a0930149

COCOAPODS: 1.5.0
