// !$*UTF8*$!
{
	archiveVersion = 1;
	classes = {
	};
	objectVersion = 50;
	objects = {

/* Begin PBXBuildFile section */
		08E1A813E6BA80FC1AF28902 /* Pods_TravelApplication.framework in Frameworks */ = {isa = PBXBuildFile; fileRef = 4B37AAAF030B30A6F9533090 /* Pods_TravelApplication.framework */; };
		56E691FAAEAAC096851A8990 /* Pods_TravelApplication.framework in Frameworks */ = {isa = PBXBuildFile; fileRef = 4B37AAAF030B30A6F9533090 /* Pods_TravelApplication.framework */; };
		7B1C26E2A3962EE2794EE28A /* Pods_TravelApplication_Dev.framework in Frameworks */ = {isa = PBXBuildFile; fileRef = 013E0E030F2E995CE19DEF91 /* Pods_TravelApplication_Dev.framework */; };
		AA0A1E9C215BA7E700754EC7 /* TravelKit.framework in Frameworks */ = {isa = PBXBuildFile; fileRef = AA0A1E9B215BA7BB00754EC7 /* TravelKit.framework */; };
		AA0A1E9D215BA7E700754EC7 /* TravelKit.framework in Embed Frameworks */ = {isa = PBXBuildFile; fileRef = AA0A1E9B215BA7BB00754EC7 /* TravelKit.framework */; settings = {ATTRIBUTES = (CodeSignOnCopy, RemoveHeadersOnCopy, ); }; };
		AA0A1ED0215BA8D000754EC7 /* TravelDataKit.framework in Frameworks */ = {isa = PBXBuildFile; fileRef = AA0A1ECD215BA8C900754EC7 /* TravelDataKit.framework */; };
		AA0A1ED1215BA8D000754EC7 /* TravelDataKit.framework in Embed Frameworks */ = {isa = PBXBuildFile; fileRef = AA0A1ECD215BA8C900754EC7 /* TravelDataKit.framework */; settings = {ATTRIBUTES = (CodeSignOnCopy, RemoveHeadersOnCopy, ); }; };
		AA0A1EF2215BA9EE00754EC7 /* TravelFeatureKit.framework in Frameworks */ = {isa = PBXBuildFile; fileRef = AA0A1EF1215BA9EA00754EC7 /* TravelFeatureKit.framework */; };
		AA0A1EF3215BA9EE00754EC7 /* TravelFeatureKit.framework in Embed Frameworks */ = {isa = PBXBuildFile; fileRef = AA0A1EF1215BA9EA00754EC7 /* TravelFeatureKit.framework */; settings = {ATTRIBUTES = (CodeSignOnCopy, RemoveHeadersOnCopy, ); }; };
		AA0A1F11215BAD3E00754EC7 /* TravelAPIKit.framework in Frameworks */ = {isa = PBXBuildFile; fileRef = AA0A1F10215BAD3900754EC7 /* TravelAPIKit.framework */; };
		AA0A1F12215BAD3E00754EC7 /* TravelAPIKit.framework in Embed Frameworks */ = {isa = PBXBuildFile; fileRef = AA0A1F10215BAD3900754EC7 /* TravelAPIKit.framework */; settings = {ATTRIBUTES = (CodeSignOnCopy, RemoveHeadersOnCopy, ); }; };
		AA6183D6215BEB7600F47C9C /* AssemblerFactory.swift in Sources */ = {isa = PBXBuildFile; fileRef = AA6183D5215BEB7600F47C9C /* AssemblerFactory.swift */; };
		AA6183D7215BEB7600F47C9C /* AssemblerFactory.swift in Sources */ = {isa = PBXBuildFile; fileRef = AA6183D5215BEB7600F47C9C /* AssemblerFactory.swift */; };
		AA6183D9215BEC4E00F47C9C /* ApplicationLoader.swift in Sources */ = {isa = PBXBuildFile; fileRef = AA6183D8215BEC4E00F47C9C /* ApplicationLoader.swift */; };
		AA6183DA215BEC4E00F47C9C /* ApplicationLoader.swift in Sources */ = {isa = PBXBuildFile; fileRef = AA6183D8215BEC4E00F47C9C /* ApplicationLoader.swift */; };
		AA6183DC215BEC8E00F47C9C /* ApplicationAssembly.swift in Sources */ = {isa = PBXBuildFile; fileRef = AA6183DB215BEC8E00F47C9C /* ApplicationAssembly.swift */; };
		AA6183DD215BEC8E00F47C9C /* ApplicationAssembly.swift in Sources */ = {isa = PBXBuildFile; fileRef = AA6183DB215BEC8E00F47C9C /* ApplicationAssembly.swift */; };
		AA652F3C215BA46E0044E3C9 /* AppDelegate.swift in Sources */ = {isa = PBXBuildFile; fileRef = AA652F3B215BA46E0044E3C9 /* AppDelegate.swift */; };
		AA652F3E215BA46E0044E3C9 /* ViewController.swift in Sources */ = {isa = PBXBuildFile; fileRef = AA652F3D215BA46E0044E3C9 /* ViewController.swift */; };
		AA652F43215BA46F0044E3C9 /* Assets.xcassets in Resources */ = {isa = PBXBuildFile; fileRef = AA652F42215BA46F0044E3C9 /* Assets.xcassets */; };
		AA652F46215BA46F0044E3C9 /* LaunchScreen.storyboard in Resources */ = {isa = PBXBuildFile; fileRef = AA652F44215BA46F0044E3C9 /* LaunchScreen.storyboard */; };
		AA652F51215BA46F0044E3C9 /* TravelApplicationTests.swift in Sources */ = {isa = PBXBuildFile; fileRef = AA652F50215BA46F0044E3C9 /* TravelApplicationTests.swift */; };
		AABB46B3219B506A001AA5D1 /* UIViewController+Injected.swift in Sources */ = {isa = PBXBuildFile; fileRef = AABB46B2219B506A001AA5D1 /* UIViewController+Injected.swift */; };
		AABB46B4219B506A001AA5D1 /* UIViewController+Injected.swift in Sources */ = {isa = PBXBuildFile; fileRef = AABB46B2219B506A001AA5D1 /* UIViewController+Injected.swift */; };
		AAD2E353215BB6BC008B77BE /* ViewController.swift in Sources */ = {isa = PBXBuildFile; fileRef = AA652F3D215BA46E0044E3C9 /* ViewController.swift */; };
		AAD2E354215BB6BC008B77BE /* AppDelegate.swift in Sources */ = {isa = PBXBuildFile; fileRef = AA652F3B215BA46E0044E3C9 /* AppDelegate.swift */; };
		AAD2E356215BB6BC008B77BE /* TravelKit.framework in Frameworks */ = {isa = PBXBuildFile; fileRef = AA0A1E9B215BA7BB00754EC7 /* TravelKit.framework */; };
		AAD2E357215BB6BC008B77BE /* TravelFeatureKit.framework in Frameworks */ = {isa = PBXBuildFile; fileRef = AA0A1EF1215BA9EA00754EC7 /* TravelFeatureKit.framework */; };
		AAD2E358215BB6BC008B77BE /* TravelAPIKit.framework in Frameworks */ = {isa = PBXBuildFile; fileRef = AA0A1F10215BAD3900754EC7 /* TravelAPIKit.framework */; };
		AAD2E359215BB6BC008B77BE /* TravelDataKit.framework in Frameworks */ = {isa = PBXBuildFile; fileRef = AA0A1ECD215BA8C900754EC7 /* TravelDataKit.framework */; };
		AAD2E35C215BB6BC008B77BE /* LaunchScreen.storyboard in Resources */ = {isa = PBXBuildFile; fileRef = AA652F44215BA46F0044E3C9 /* LaunchScreen.storyboard */; };
		AAD2E35D215BB6BC008B77BE /* Assets.xcassets in Resources */ = {isa = PBXBuildFile; fileRef = AA652F42215BA46F0044E3C9 /* Assets.xcassets */; };
		AAD2E360215BB6BC008B77BE /* TravelKit.framework in Embed Frameworks */ = {isa = PBXBuildFile; fileRef = AA0A1E9B215BA7BB00754EC7 /* TravelKit.framework */; settings = {ATTRIBUTES = (CodeSignOnCopy, RemoveHeadersOnCopy, ); }; };
		AAD2E361215BB6BC008B77BE /* TravelFeatureKit.framework in Embed Frameworks */ = {isa = PBXBuildFile; fileRef = AA0A1EF1215BA9EA00754EC7 /* TravelFeatureKit.framework */; settings = {ATTRIBUTES = (CodeSignOnCopy, RemoveHeadersOnCopy, ); }; };
		AAD2E362215BB6BC008B77BE /* TravelAPIKit.framework in Embed Frameworks */ = {isa = PBXBuildFile; fileRef = AA0A1F10215BAD3900754EC7 /* TravelAPIKit.framework */; settings = {ATTRIBUTES = (CodeSignOnCopy, RemoveHeadersOnCopy, ); }; };
		AAD2E363215BB6BC008B77BE /* TravelDataKit.framework in Embed Frameworks */ = {isa = PBXBuildFile; fileRef = AA0A1ECD215BA8C900754EC7 /* TravelDataKit.framework */; settings = {ATTRIBUTES = (CodeSignOnCopy, RemoveHeadersOnCopy, ); }; };
		AAD2E36C215BB842008B77BE /* Constants.swift in Sources */ = {isa = PBXBuildFile; fileRef = AAD2E36B215BB842008B77BE /* Constants.swift */; };
		AAD2E36D215BB842008B77BE /* Constants.swift in Sources */ = {isa = PBXBuildFile; fileRef = AAD2E36B215BB842008B77BE /* Constants.swift */; };
/* End PBXBuildFile section */

/* Begin PBXContainerItemProxy section */
		AA0A1E9A215BA7BB00754EC7 /* PBXContainerItemProxy */ = {
			isa = PBXContainerItemProxy;
			containerPortal = AA0A1E96215BA7BB00754EC7 /* TravelKit.xcodeproj */;
			proxyType = 2;
			remoteGlobalIDString = AA0A1E89215BA70900754EC7;
			remoteInfo = TravelKit;
		};
		AA0A1E9E215BA7E700754EC7 /* PBXContainerItemProxy */ = {
			isa = PBXContainerItemProxy;
			containerPortal = AA0A1E96215BA7BB00754EC7 /* TravelKit.xcodeproj */;
			proxyType = 1;
			remoteGlobalIDString = AA0A1E88215BA70900754EC7;
			remoteInfo = TravelKit;
		};
		AA0A1ECC215BA8C900754EC7 /* PBXContainerItemProxy */ = {
			isa = PBXContainerItemProxy;
			containerPortal = AA0A1EC7215BA8C900754EC7 /* TravelDataKit.xcodeproj */;
			proxyType = 2;
			remoteGlobalIDString = AA0A1EAB215BA87300754EC7;
			remoteInfo = TravelDataKit;
		};
		AA0A1ECE215BA8C900754EC7 /* PBXContainerItemProxy */ = {
			isa = PBXContainerItemProxy;
			containerPortal = AA0A1EC7215BA8C900754EC7 /* TravelDataKit.xcodeproj */;
			proxyType = 2;
			remoteGlobalIDString = AA0A1EB4215BA87300754EC7;
			remoteInfo = TravelDataKitTests;
		};
		AA0A1ED2215BA8D000754EC7 /* PBXContainerItemProxy */ = {
			isa = PBXContainerItemProxy;
			containerPortal = AA0A1EC7215BA8C900754EC7 /* TravelDataKit.xcodeproj */;
			proxyType = 1;
			remoteGlobalIDString = AA0A1EAA215BA87300754EC7;
			remoteInfo = TravelDataKit;
		};
		AA0A1EF0215BA9EA00754EC7 /* PBXContainerItemProxy */ = {
			isa = PBXContainerItemProxy;
			containerPortal = AA0A1EEC215BA9EA00754EC7 /* TravelFeatureKit.xcodeproj */;
			proxyType = 2;
			remoteGlobalIDString = AA0A1EE1215BA9CD00754EC7;
			remoteInfo = TravelFeatureKit;
		};
		AA0A1EF4215BA9EE00754EC7 /* PBXContainerItemProxy */ = {
			isa = PBXContainerItemProxy;
			containerPortal = AA0A1EEC215BA9EA00754EC7 /* TravelFeatureKit.xcodeproj */;
			proxyType = 1;
			remoteGlobalIDString = AA0A1EE0215BA9CD00754EC7;
			remoteInfo = TravelFeatureKit;
		};
		AA0A1F0F215BAD3900754EC7 /* PBXContainerItemProxy */ = {
			isa = PBXContainerItemProxy;
			containerPortal = AA0A1F0B215BAD3800754EC7 /* TravelAPIKit.xcodeproj */;
			proxyType = 2;
			remoteGlobalIDString = AA0A1F00215BAD2000754EC7;
			remoteInfo = TravelAPIKit;
		};
		AA0A1F13215BAD3E00754EC7 /* PBXContainerItemProxy */ = {
			isa = PBXContainerItemProxy;
			containerPortal = AA0A1F0B215BAD3800754EC7 /* TravelAPIKit.xcodeproj */;
			proxyType = 1;
			remoteGlobalIDString = AA0A1EFF215BAD2000754EC7;
			remoteInfo = TravelAPIKit;
		};
		AA39B4B72185F05B000BE6C7 /* PBXContainerItemProxy */ = {
			isa = PBXContainerItemProxy;
			containerPortal = AA0A1F0B215BAD3800754EC7 /* TravelAPIKit.xcodeproj */;
			proxyType = 2;
			remoteGlobalIDString = 01A3570F218348EC00B493F6;
			remoteInfo = TravelAPIKitTests;
		};
		AA39B4BB2185F05B000BE6C7 /* PBXContainerItemProxy */ = {
			isa = PBXContainerItemProxy;
			containerPortal = AA0A1E96215BA7BB00754EC7 /* TravelKit.xcodeproj */;
			proxyType = 2;
			remoteGlobalIDString = 01A3572821834B8500B493F6;
			remoteInfo = TravelKitTests;
		};
		AA652F4D215BA46F0044E3C9 /* PBXContainerItemProxy */ = {
			isa = PBXContainerItemProxy;
			containerPortal = AA652F30215BA46E0044E3C9 /* Project object */;
			proxyType = 1;
			remoteGlobalIDString = AA652F37215BA46E0044E3C9;
			remoteInfo = TravelApplication;
		};
		AACDF5EE219883BD00789F1A /* PBXContainerItemProxy */ = {
			isa = PBXContainerItemProxy;
			containerPortal = AA0A1EEC215BA9EA00754EC7 /* TravelFeatureKit.xcodeproj */;
			proxyType = 2;
			remoteGlobalIDString = 018FA4E0218C9D5200643AD9;
			remoteInfo = TravelFeatureKitTests;
		};
		AAD2E34A215BB6BC008B77BE /* PBXContainerItemProxy */ = {
			isa = PBXContainerItemProxy;
			containerPortal = AA0A1E96215BA7BB00754EC7 /* TravelKit.xcodeproj */;
			proxyType = 1;
			remoteGlobalIDString = AA0A1E88215BA70900754EC7;
			remoteInfo = TravelKit;
		};
		AAD2E34C215BB6BC008B77BE /* PBXContainerItemProxy */ = {
			isa = PBXContainerItemProxy;
			containerPortal = AA0A1EC7215BA8C900754EC7 /* TravelDataKit.xcodeproj */;
			proxyType = 1;
			remoteGlobalIDString = AA0A1EAA215BA87300754EC7;
			remoteInfo = TravelDataKit;
		};
		AAD2E34E215BB6BC008B77BE /* PBXContainerItemProxy */ = {
			isa = PBXContainerItemProxy;
			containerPortal = AA0A1EEC215BA9EA00754EC7 /* TravelFeatureKit.xcodeproj */;
			proxyType = 1;
			remoteGlobalIDString = AA0A1EE0215BA9CD00754EC7;
			remoteInfo = TravelFeatureKit;
		};
		AAD2E350215BB6BC008B77BE /* PBXContainerItemProxy */ = {
			isa = PBXContainerItemProxy;
			containerPortal = AA0A1F0B215BAD3800754EC7 /* TravelAPIKit.xcodeproj */;
			proxyType = 1;
			remoteGlobalIDString = AA0A1EFF215BAD2000754EC7;
			remoteInfo = TravelAPIKit;
		};
/* End PBXContainerItemProxy section */

/* Begin PBXCopyFilesBuildPhase section */
		AA0A1EA0215BA7E700754EC7 /* Embed Frameworks */ = {
			isa = PBXCopyFilesBuildPhase;
			buildActionMask = 2147483647;
			dstPath = "";
			dstSubfolderSpec = 10;
			files = (
				AA0A1E9D215BA7E700754EC7 /* TravelKit.framework in Embed Frameworks */,
				AA0A1EF3215BA9EE00754EC7 /* TravelFeatureKit.framework in Embed Frameworks */,
				AA0A1F12215BAD3E00754EC7 /* TravelAPIKit.framework in Embed Frameworks */,
				AA0A1ED1215BA8D000754EC7 /* TravelDataKit.framework in Embed Frameworks */,
			);
			name = "Embed Frameworks";
			runOnlyForDeploymentPostprocessing = 0;
		};
		AAD2E35F215BB6BC008B77BE /* Embed Frameworks */ = {
			isa = PBXCopyFilesBuildPhase;
			buildActionMask = 2147483647;
			dstPath = "";
			dstSubfolderSpec = 10;
			files = (
				AAD2E360215BB6BC008B77BE /* TravelKit.framework in Embed Frameworks */,
				AAD2E361215BB6BC008B77BE /* TravelFeatureKit.framework in Embed Frameworks */,
				AAD2E362215BB6BC008B77BE /* TravelAPIKit.framework in Embed Frameworks */,
				AAD2E363215BB6BC008B77BE /* TravelDataKit.framework in Embed Frameworks */,
			);
			name = "Embed Frameworks";
			runOnlyForDeploymentPostprocessing = 0;
		};
/* End PBXCopyFilesBuildPhase section */

/* Begin PBXFileReference section */
		013E0E030F2E995CE19DEF91 /* Pods_TravelApplication_Dev.framework */ = {isa = PBXFileReference; explicitFileType = wrapper.framework; includeInIndex = 0; path = Pods_TravelApplication_Dev.framework; sourceTree = BUILT_PRODUCTS_DIR; };
		4B37AAAF030B30A6F9533090 /* Pods_TravelApplication.framework */ = {isa = PBXFileReference; explicitFileType = wrapper.framework; includeInIndex = 0; path = Pods_TravelApplication.framework; sourceTree = BUILT_PRODUCTS_DIR; };
		778127CA0507CCB32E99EC60 /* Pods-TravelApplication Dev.debug.xcconfig */ = {isa = PBXFileReference; includeInIndex = 1; lastKnownFileType = text.xcconfig; name = "Pods-TravelApplication Dev.debug.xcconfig"; path = "Pods/Target Support Files/Pods-TravelApplication Dev/Pods-TravelApplication Dev.debug.xcconfig"; sourceTree = "<group>"; };
		A20B1D0EBB55CC68E666DCD2 /* Pods-TravelApplication.release.xcconfig */ = {isa = PBXFileReference; includeInIndex = 1; lastKnownFileType = text.xcconfig; name = "Pods-TravelApplication.release.xcconfig"; path = "Pods/Target Support Files/Pods-TravelApplication/Pods-TravelApplication.release.xcconfig"; sourceTree = "<group>"; };
		AA0A1E96215BA7BB00754EC7 /* TravelKit.xcodeproj */ = {isa = PBXFileReference; lastKnownFileType = "wrapper.pb-project"; path = TravelKit.xcodeproj; sourceTree = "<group>"; };
		AA0A1EC7215BA8C900754EC7 /* TravelDataKit.xcodeproj */ = {isa = PBXFileReference; lastKnownFileType = "wrapper.pb-project"; path = TravelDataKit.xcodeproj; sourceTree = "<group>"; };
		AA0A1EEC215BA9EA00754EC7 /* TravelFeatureKit.xcodeproj */ = {isa = PBXFileReference; lastKnownFileType = "wrapper.pb-project"; path = TravelFeatureKit.xcodeproj; sourceTree = "<group>"; };
		AA0A1F0B215BAD3800754EC7 /* TravelAPIKit.xcodeproj */ = {isa = PBXFileReference; lastKnownFileType = "wrapper.pb-project"; path = TravelAPIKit.xcodeproj; sourceTree = "<group>"; };
		AA6183D5215BEB7600F47C9C /* AssemblerFactory.swift */ = {isa = PBXFileReference; lastKnownFileType = sourcecode.swift; path = AssemblerFactory.swift; sourceTree = "<group>"; };
		AA6183D8215BEC4E00F47C9C /* ApplicationLoader.swift */ = {isa = PBXFileReference; lastKnownFileType = sourcecode.swift; path = ApplicationLoader.swift; sourceTree = "<group>"; };
		AA6183DB215BEC8E00F47C9C /* ApplicationAssembly.swift */ = {isa = PBXFileReference; lastKnownFileType = sourcecode.swift; path = ApplicationAssembly.swift; sourceTree = "<group>"; };
		AA652F38215BA46E0044E3C9 /* Aerogami.app */ = {isa = PBXFileReference; explicitFileType = wrapper.application; includeInIndex = 0; path = Aerogami.app; sourceTree = BUILT_PRODUCTS_DIR; };
		AA652F3B215BA46E0044E3C9 /* AppDelegate.swift */ = {isa = PBXFileReference; lastKnownFileType = sourcecode.swift; path = AppDelegate.swift; sourceTree = "<group>"; };
		AA652F3D215BA46E0044E3C9 /* ViewController.swift */ = {isa = PBXFileReference; lastKnownFileType = sourcecode.swift; path = ViewController.swift; sourceTree = "<group>"; };
		AA652F42215BA46F0044E3C9 /* Assets.xcassets */ = {isa = PBXFileReference; lastKnownFileType = folder.assetcatalog; path = Assets.xcassets; sourceTree = "<group>"; };
		AA652F45215BA46F0044E3C9 /* Base */ = {isa = PBXFileReference; lastKnownFileType = file.storyboard; name = Base; path = Base.lproj/LaunchScreen.storyboard; sourceTree = "<group>"; };
		AA652F47215BA46F0044E3C9 /* Info.plist */ = {isa = PBXFileReference; lastKnownFileType = text.plist.xml; path = Info.plist; sourceTree = "<group>"; };
		AA652F4C215BA46F0044E3C9 /* TravelApplicationTests.xctest */ = {isa = PBXFileReference; explicitFileType = wrapper.cfbundle; includeInIndex = 0; path = TravelApplicationTests.xctest; sourceTree = BUILT_PRODUCTS_DIR; };
		AA652F50215BA46F0044E3C9 /* TravelApplicationTests.swift */ = {isa = PBXFileReference; lastKnownFileType = sourcecode.swift; path = TravelApplicationTests.swift; sourceTree = "<group>"; };
		AA652F52215BA46F0044E3C9 /* Info.plist */ = {isa = PBXFileReference; lastKnownFileType = text.plist.xml; path = Info.plist; sourceTree = "<group>"; };
		AABB46B2219B506A001AA5D1 /* UIViewController+Injected.swift */ = {isa = PBXFileReference; lastKnownFileType = sourcecode.swift; path = "UIViewController+Injected.swift"; sourceTree = "<group>"; };
		AAD2E368215BB6BC008B77BE /* Aerogami Dev.app */ = {isa = PBXFileReference; explicitFileType = wrapper.application; includeInIndex = 0; path = "Aerogami Dev.app"; sourceTree = BUILT_PRODUCTS_DIR; };
		AAD2E36A215BB6BC008B77BE /* Info-Dev.plist */ = {isa = PBXFileReference; lastKnownFileType = text.plist.xml; name = "Info-Dev.plist"; path = "/Users/Povilas/Projects/TravelSwift/Info-Dev.plist"; sourceTree = "<absolute>"; };
		AAD2E36B215BB842008B77BE /* Constants.swift */ = {isa = PBXFileReference; lastKnownFileType = sourcecode.swift; path = Constants.swift; sourceTree = "<group>"; };
		B3DD0F23D49182673376940F /* Pods-TravelApplication Dev.release.xcconfig */ = {isa = PBXFileReference; includeInIndex = 1; lastKnownFileType = text.xcconfig; name = "Pods-TravelApplication Dev.release.xcconfig"; path = "Pods/Target Support Files/Pods-TravelApplication Dev/Pods-TravelApplication Dev.release.xcconfig"; sourceTree = "<group>"; };
		FF759E11D9C9A3522F209AFE /* Pods-TravelApplication.debug.xcconfig */ = {isa = PBXFileReference; includeInIndex = 1; lastKnownFileType = text.xcconfig; name = "Pods-TravelApplication.debug.xcconfig"; path = "Pods/Target Support Files/Pods-TravelApplication/Pods-TravelApplication.debug.xcconfig"; sourceTree = "<group>"; };
/* End PBXFileReference section */

/* Begin PBXFrameworksBuildPhase section */
		AA652F35215BA46E0044E3C9 /* Frameworks */ = {
			isa = PBXFrameworksBuildPhase;
			buildActionMask = 2147483647;
			files = (
				AA0A1E9C215BA7E700754EC7 /* TravelKit.framework in Frameworks */,
				AA0A1EF2215BA9EE00754EC7 /* TravelFeatureKit.framework in Frameworks */,
				AA0A1F11215BAD3E00754EC7 /* TravelAPIKit.framework in Frameworks */,
				AA0A1ED0215BA8D000754EC7 /* TravelDataKit.framework in Frameworks */,
				08E1A813E6BA80FC1AF28902 /* Pods_TravelApplication.framework in Frameworks */,
				56E691FAAEAAC096851A8990 /* Pods_TravelApplication.framework in Frameworks */,
			);
			runOnlyForDeploymentPostprocessing = 0;
		};
		AA652F49215BA46F0044E3C9 /* Frameworks */ = {
			isa = PBXFrameworksBuildPhase;
			buildActionMask = 2147483647;
			files = (
			);
			runOnlyForDeploymentPostprocessing = 0;
		};
		AAD2E355215BB6BC008B77BE /* Frameworks */ = {
			isa = PBXFrameworksBuildPhase;
			buildActionMask = 2147483647;
			files = (
				AAD2E356215BB6BC008B77BE /* TravelKit.framework in Frameworks */,
				AAD2E357215BB6BC008B77BE /* TravelFeatureKit.framework in Frameworks */,
				AAD2E358215BB6BC008B77BE /* TravelAPIKit.framework in Frameworks */,
				AAD2E359215BB6BC008B77BE /* TravelDataKit.framework in Frameworks */,
				7B1C26E2A3962EE2794EE28A /* Pods_TravelApplication_Dev.framework in Frameworks */,
			);
			runOnlyForDeploymentPostprocessing = 0;
		};
/* End PBXFrameworksBuildPhase section */

/* Begin PBXGroup section */
		19C43A2392085C0C47039BC6 /* Frameworks */ = {
			isa = PBXGroup;
			children = (
				4B37AAAF030B30A6F9533090 /* Pods_TravelApplication.framework */,
				013E0E030F2E995CE19DEF91 /* Pods_TravelApplication_Dev.framework */,
			);
			name = Frameworks;
			sourceTree = "<group>";
		};
		3DC8A9BA6D64C8CB1A9D1063 /* Pods */ = {
			isa = PBXGroup;
			children = (
				FF759E11D9C9A3522F209AFE /* Pods-TravelApplication.debug.xcconfig */,
				A20B1D0EBB55CC68E666DCD2 /* Pods-TravelApplication.release.xcconfig */,
				778127CA0507CCB32E99EC60 /* Pods-TravelApplication Dev.debug.xcconfig */,
				B3DD0F23D49182673376940F /* Pods-TravelApplication Dev.release.xcconfig */,
			);
			name = Pods;
			sourceTree = "<group>";
		};
		AA0A1E97215BA7BB00754EC7 /* Products */ = {
			isa = PBXGroup;
			children = (
				AA0A1E9B215BA7BB00754EC7 /* TravelKit.framework */,
				AA39B4BC2185F05B000BE6C7 /* TravelKitTests.xctest */,
			);
			name = Products;
			sourceTree = "<group>";
		};
		AA0A1EC8215BA8C900754EC7 /* Products */ = {
			isa = PBXGroup;
			children = (
				AA0A1ECD215BA8C900754EC7 /* TravelDataKit.framework */,
				AA0A1ECF215BA8C900754EC7 /* TravelDataKitTests.xctest */,
			);
			name = Products;
			sourceTree = "<group>";
		};
		AA0A1EED215BA9EA00754EC7 /* Products */ = {
			isa = PBXGroup;
			children = (
				AA0A1EF1215BA9EA00754EC7 /* TravelFeatureKit.framework */,
				AACDF5EF219883BD00789F1A /* TravelFeatureKitTests.xctest */,
			);
			name = Products;
			sourceTree = "<group>";
		};
		AA0A1F0C215BAD3800754EC7 /* Products */ = {
			isa = PBXGroup;
			children = (
				AA0A1F10215BAD3900754EC7 /* TravelAPIKit.framework */,
				AA39B4B82185F05B000BE6C7 /* TravelAPIKitTests.xctest */,
			);
			name = Products;
			sourceTree = "<group>";
		};
		AA6183D2215BEA5F00F47C9C /* Application */ = {
			isa = PBXGroup;
			children = (
				AA6183D4215BEA6500F47C9C /* Assembly */,
				AABB46AD219B5059001AA5D1 /* Injection */,
				AA6183D8215BEC4E00F47C9C /* ApplicationLoader.swift */,
			);
			path = Application;
			sourceTree = "<group>";
		};
		AA6183D4215BEA6500F47C9C /* Assembly */ = {
			isa = PBXGroup;
			children = (
				AA6183D5215BEB7600F47C9C /* AssemblerFactory.swift */,
				AA6183DB215BEC8E00F47C9C /* ApplicationAssembly.swift */,
			);
			path = Assembly;
			sourceTree = "<group>";
		};
		AA652F2F215BA46E0044E3C9 = {
			isa = PBXGroup;
			children = (
				AA0A1F0B215BAD3800754EC7 /* TravelAPIKit.xcodeproj */,
				AA0A1EEC215BA9EA00754EC7 /* TravelFeatureKit.xcodeproj */,
				AA0A1EC7215BA8C900754EC7 /* TravelDataKit.xcodeproj */,
				AA0A1E96215BA7BB00754EC7 /* TravelKit.xcodeproj */,
				AA652F3A215BA46E0044E3C9 /* TravelApplication */,
				AA652F4F215BA46F0044E3C9 /* TravelApplicationTests */,
				AA652F39215BA46E0044E3C9 /* Products */,
				3DC8A9BA6D64C8CB1A9D1063 /* Pods */,
				19C43A2392085C0C47039BC6 /* Frameworks */,
			);
			sourceTree = "<group>";
		};
		AA652F39215BA46E0044E3C9 /* Products */ = {
			isa = PBXGroup;
			children = (
				AA652F38215BA46E0044E3C9 /* Aerogami.app */,
				AA652F4C215BA46F0044E3C9 /* TravelApplicationTests.xctest */,
				AAD2E368215BB6BC008B77BE /* Aerogami Dev.app */,
			);
			name = Products;
			sourceTree = "<group>";
		};
		AA652F3A215BA46E0044E3C9 /* TravelApplication */ = {
			isa = PBXGroup;
			children = (
				AA6183D2215BEA5F00F47C9C /* Application */,
				AA652F3B215BA46E0044E3C9 /* AppDelegate.swift */,
				AA652F3D215BA46E0044E3C9 /* ViewController.swift */,
				AA652F42215BA46F0044E3C9 /* Assets.xcassets */,
				AA652F44215BA46F0044E3C9 /* LaunchScreen.storyboard */,
				AA652F47215BA46F0044E3C9 /* Info.plist */,
				AAD2E36A215BB6BC008B77BE /* Info-Dev.plist */,
				AAD2E36B215BB842008B77BE /* Constants.swift */,
			);
			path = TravelApplication;
			sourceTree = "<group>";
		};
		AA652F4F215BA46F0044E3C9 /* TravelApplicationTests */ = {
			isa = PBXGroup;
			children = (
				AA652F50215BA46F0044E3C9 /* TravelApplicationTests.swift */,
				AA652F52215BA46F0044E3C9 /* Info.plist */,
			);
			path = TravelApplicationTests;
			sourceTree = "<group>";
		};
		AABB46AD219B5059001AA5D1 /* Injection */ = {
			isa = PBXGroup;
			children = (
				AABB46B2219B506A001AA5D1 /* UIViewController+Injected.swift */,
			);
			path = Injection;
			sourceTree = "<group>";
		};
/* End PBXGroup section */

/* Begin PBXNativeTarget section */
		AA652F37215BA46E0044E3C9 /* TravelApplication */ = {
			isa = PBXNativeTarget;
			buildConfigurationList = AA652F55215BA46F0044E3C9 /* Build configuration list for PBXNativeTarget "TravelApplication" */;
			buildPhases = (
				C2D42C71287E80A2F8AD9325 /* [CP] Check Pods Manifest.lock */,
				AA652F34215BA46E0044E3C9 /* Sources */,
				AA652F35215BA46E0044E3C9 /* Frameworks */,
				AA652F36215BA46E0044E3C9 /* Resources */,
				AA0A1EA0215BA7E700754EC7 /* Embed Frameworks */,
				E02BD687707964F944DD85A2 /* [CP] Embed Pods Frameworks */,
			);
			buildRules = (
			);
			dependencies = (
				AA0A1E9F215BA7E700754EC7 /* PBXTargetDependency */,
				AA0A1ED3215BA8D000754EC7 /* PBXTargetDependency */,
				AA0A1EF5215BA9EE00754EC7 /* PBXTargetDependency */,
				AA0A1F14215BAD3E00754EC7 /* PBXTargetDependency */,
			);
			name = TravelApplication;
			productName = TravelApplication;
			productReference = AA652F38215BA46E0044E3C9 /* Aerogami.app */;
			productType = "com.apple.product-type.application";
		};
		AA652F4B215BA46F0044E3C9 /* TravelApplicationTests */ = {
			isa = PBXNativeTarget;
			buildConfigurationList = AA652F58215BA46F0044E3C9 /* Build configuration list for PBXNativeTarget "TravelApplicationTests" */;
			buildPhases = (
				AA652F48215BA46F0044E3C9 /* Sources */,
				AA652F49215BA46F0044E3C9 /* Frameworks */,
				AA652F4A215BA46F0044E3C9 /* Resources */,
			);
			buildRules = (
			);
			dependencies = (
				AA652F4E215BA46F0044E3C9 /* PBXTargetDependency */,
			);
			name = TravelApplicationTests;
			productName = TravelApplicationTests;
			productReference = AA652F4C215BA46F0044E3C9 /* TravelApplicationTests.xctest */;
			productType = "com.apple.product-type.bundle.unit-test";
		};
		AAD2E348215BB6BC008B77BE /* TravelApplication Dev */ = {
			isa = PBXNativeTarget;
			buildConfigurationList = AAD2E365215BB6BC008B77BE /* Build configuration list for PBXNativeTarget "TravelApplication Dev" */;
			buildPhases = (
				A3DABF87EE7ED7E4A175921F /* [CP] Check Pods Manifest.lock */,
				AAD2E352215BB6BC008B77BE /* Sources */,
				AAD2E355215BB6BC008B77BE /* Frameworks */,
				AAD2E35B215BB6BC008B77BE /* Resources */,
				AAD2E35F215BB6BC008B77BE /* Embed Frameworks */,
				7E3313F4325C3CEE45C68AE5 /* [CP] Embed Pods Frameworks */,
			);
			buildRules = (
			);
			dependencies = (
				AAD2E349215BB6BC008B77BE /* PBXTargetDependency */,
				AAD2E34B215BB6BC008B77BE /* PBXTargetDependency */,
				AAD2E34D215BB6BC008B77BE /* PBXTargetDependency */,
				AAD2E34F215BB6BC008B77BE /* PBXTargetDependency */,
			);
			name = "TravelApplication Dev";
			productName = TravelApplication;
			productReference = AAD2E368215BB6BC008B77BE /* Aerogami Dev.app */;
			productType = "com.apple.product-type.application";
		};
/* End PBXNativeTarget section */

/* Begin PBXProject section */
		AA652F30215BA46E0044E3C9 /* Project object */ = {
			isa = PBXProject;
			attributes = {
				LastSwiftUpdateCheck = 1000;
				LastUpgradeCheck = 1000;
				ORGANIZATIONNAME = "Povilas Staskus";
				TargetAttributes = {
					AA652F37215BA46E0044E3C9 = {
						CreatedOnToolsVersion = 10.0;
					};
					AA652F4B215BA46F0044E3C9 = {
						CreatedOnToolsVersion = 10.0;
						TestTargetID = AA652F37215BA46E0044E3C9;
					};
				};
			};
			buildConfigurationList = AA652F33215BA46E0044E3C9 /* Build configuration list for PBXProject "TravelApplication" */;
			compatibilityVersion = "Xcode 9.3";
			developmentRegion = en;
			hasScannedForEncodings = 0;
			knownRegions = (
				en,
				Base,
			);
			mainGroup = AA652F2F215BA46E0044E3C9;
			productRefGroup = AA652F39215BA46E0044E3C9 /* Products */;
			projectDirPath = "";
			projectReferences = (
				{
					ProductGroup = AA0A1F0C215BAD3800754EC7 /* Products */;
					ProjectRef = AA0A1F0B215BAD3800754EC7 /* TravelAPIKit.xcodeproj */;
				},
				{
					ProductGroup = AA0A1EC8215BA8C900754EC7 /* Products */;
					ProjectRef = AA0A1EC7215BA8C900754EC7 /* TravelDataKit.xcodeproj */;
				},
				{
					ProductGroup = AA0A1EED215BA9EA00754EC7 /* Products */;
					ProjectRef = AA0A1EEC215BA9EA00754EC7 /* TravelFeatureKit.xcodeproj */;
				},
				{
					ProductGroup = AA0A1E97215BA7BB00754EC7 /* Products */;
					ProjectRef = AA0A1E96215BA7BB00754EC7 /* TravelKit.xcodeproj */;
				},
			);
			projectRoot = "";
			targets = (
				AA652F37215BA46E0044E3C9 /* TravelApplication */,
				AA652F4B215BA46F0044E3C9 /* TravelApplicationTests */,
				AAD2E348215BB6BC008B77BE /* TravelApplication Dev */,
			);
		};
/* End PBXProject section */

/* Begin PBXReferenceProxy section */
		AA0A1E9B215BA7BB00754EC7 /* TravelKit.framework */ = {
			isa = PBXReferenceProxy;
			fileType = wrapper.framework;
			path = TravelKit.framework;
			remoteRef = AA0A1E9A215BA7BB00754EC7 /* PBXContainerItemProxy */;
			sourceTree = BUILT_PRODUCTS_DIR;
		};
		AA0A1ECD215BA8C900754EC7 /* TravelDataKit.framework */ = {
			isa = PBXReferenceProxy;
			fileType = wrapper.framework;
			path = TravelDataKit.framework;
			remoteRef = AA0A1ECC215BA8C900754EC7 /* PBXContainerItemProxy */;
			sourceTree = BUILT_PRODUCTS_DIR;
		};
		AA0A1ECF215BA8C900754EC7 /* TravelDataKitTests.xctest */ = {
			isa = PBXReferenceProxy;
			fileType = wrapper.cfbundle;
			path = TravelDataKitTests.xctest;
			remoteRef = AA0A1ECE215BA8C900754EC7 /* PBXContainerItemProxy */;
			sourceTree = BUILT_PRODUCTS_DIR;
		};
		AA0A1EF1215BA9EA00754EC7 /* TravelFeatureKit.framework */ = {
			isa = PBXReferenceProxy;
			fileType = wrapper.framework;
			path = TravelFeatureKit.framework;
			remoteRef = AA0A1EF0215BA9EA00754EC7 /* PBXContainerItemProxy */;
			sourceTree = BUILT_PRODUCTS_DIR;
		};
		AA0A1F10215BAD3900754EC7 /* TravelAPIKit.framework */ = {
			isa = PBXReferenceProxy;
			fileType = wrapper.framework;
			path = TravelAPIKit.framework;
			remoteRef = AA0A1F0F215BAD3900754EC7 /* PBXContainerItemProxy */;
			sourceTree = BUILT_PRODUCTS_DIR;
		};
		AA39B4B82185F05B000BE6C7 /* TravelAPIKitTests.xctest */ = {
			isa = PBXReferenceProxy;
			fileType = wrapper.cfbundle;
			path = TravelAPIKitTests.xctest;
			remoteRef = AA39B4B72185F05B000BE6C7 /* PBXContainerItemProxy */;
			sourceTree = BUILT_PRODUCTS_DIR;
		};
		AA39B4BC2185F05B000BE6C7 /* TravelKitTests.xctest */ = {
			isa = PBXReferenceProxy;
			fileType = wrapper.cfbundle;
			path = TravelKitTests.xctest;
			remoteRef = AA39B4BB2185F05B000BE6C7 /* PBXContainerItemProxy */;
			sourceTree = BUILT_PRODUCTS_DIR;
		};
		AACDF5EF219883BD00789F1A /* TravelFeatureKitTests.xctest */ = {
			isa = PBXReferenceProxy;
			fileType = wrapper.cfbundle;
			path = TravelFeatureKitTests.xctest;
			remoteRef = AACDF5EE219883BD00789F1A /* PBXContainerItemProxy */;
			sourceTree = BUILT_PRODUCTS_DIR;
		};
/* End PBXReferenceProxy section */

/* Begin PBXResourcesBuildPhase section */
		AA652F36215BA46E0044E3C9 /* Resources */ = {
			isa = PBXResourcesBuildPhase;
			buildActionMask = 2147483647;
			files = (
				AA652F46215BA46F0044E3C9 /* LaunchScreen.storyboard in Resources */,
				AA652F43215BA46F0044E3C9 /* Assets.xcassets in Resources */,
			);
			runOnlyForDeploymentPostprocessing = 0;
		};
		AA652F4A215BA46F0044E3C9 /* Resources */ = {
			isa = PBXResourcesBuildPhase;
			buildActionMask = 2147483647;
			files = (
			);
			runOnlyForDeploymentPostprocessing = 0;
		};
		AAD2E35B215BB6BC008B77BE /* Resources */ = {
			isa = PBXResourcesBuildPhase;
			buildActionMask = 2147483647;
			files = (
				AAD2E35C215BB6BC008B77BE /* LaunchScreen.storyboard in Resources */,
				AAD2E35D215BB6BC008B77BE /* Assets.xcassets in Resources */,
			);
			runOnlyForDeploymentPostprocessing = 0;
		};
/* End PBXResourcesBuildPhase section */

/* Begin PBXShellScriptBuildPhase section */
		7E3313F4325C3CEE45C68AE5 /* [CP] Embed Pods Frameworks */ = {
			isa = PBXShellScriptBuildPhase;
			buildActionMask = 2147483647;
			files = (
			);
			inputPaths = (
				"${PODS_ROOT}/Target Support Files/Pods-TravelApplication Dev/Pods-TravelApplication Dev-frameworks.sh",
				"${BUILT_PRODUCTS_DIR}/RxSwift/RxSwift.framework",
				"${BUILT_PRODUCTS_DIR}/SwiftDate/SwiftDate.framework",
				"${BUILT_PRODUCTS_DIR}/Alamofire/Alamofire.framework",
				"${BUILT_PRODUCTS_DIR}/RxAlamofire/RxAlamofire.framework",
				"${BUILT_PRODUCTS_DIR}/Swinject/Swinject.framework",
				"${BUILT_PRODUCTS_DIR}/R.swift.Library/Rswift.framework",
				"${BUILT_PRODUCTS_DIR}/RxCocoa/RxCocoa.framework",
				"${BUILT_PRODUCTS_DIR}/SDWebImage/SDWebImage.framework",
				"${BUILT_PRODUCTS_DIR}/SnapKit/SnapKit.framework",
				"${BUILT_PRODUCTS_DIR}/CocoaLumberjack/CocoaLumberjack.framework",
			);
			name = "[CP] Embed Pods Frameworks";
			outputPaths = (
				"${TARGET_BUILD_DIR}/${FRAMEWORKS_FOLDER_PATH}/RxSwift.framework",
				"${TARGET_BUILD_DIR}/${FRAMEWORKS_FOLDER_PATH}/SwiftDate.framework",
				"${TARGET_BUILD_DIR}/${FRAMEWORKS_FOLDER_PATH}/Alamofire.framework",
				"${TARGET_BUILD_DIR}/${FRAMEWORKS_FOLDER_PATH}/RxAlamofire.framework",
				"${TARGET_BUILD_DIR}/${FRAMEWORKS_FOLDER_PATH}/Swinject.framework",
				"${TARGET_BUILD_DIR}/${FRAMEWORKS_FOLDER_PATH}/Rswift.framework",
				"${TARGET_BUILD_DIR}/${FRAMEWORKS_FOLDER_PATH}/RxCocoa.framework",
				"${TARGET_BUILD_DIR}/${FRAMEWORKS_FOLDER_PATH}/SDWebImage.framework",
				"${TARGET_BUILD_DIR}/${FRAMEWORKS_FOLDER_PATH}/SnapKit.framework",
				"${TARGET_BUILD_DIR}/${FRAMEWORKS_FOLDER_PATH}/CocoaLumberjack.framework",
			);
			runOnlyForDeploymentPostprocessing = 0;
			shellPath = /bin/sh;
			shellScript = "\"${PODS_ROOT}/Target Support Files/Pods-TravelApplication Dev/Pods-TravelApplication Dev-frameworks.sh\"\n";
			showEnvVarsInLog = 0;
		};
		A3DABF87EE7ED7E4A175921F /* [CP] Check Pods Manifest.lock */ = {
			isa = PBXShellScriptBuildPhase;
			buildActionMask = 2147483647;
			files = (
			);
			inputPaths = (
				"${PODS_PODFILE_DIR_PATH}/Podfile.lock",
				"${PODS_ROOT}/Manifest.lock",
			);
			name = "[CP] Check Pods Manifest.lock";
			outputPaths = (
				"$(DERIVED_FILE_DIR)/Pods-TravelApplication Dev-checkManifestLockResult.txt",
			);
			runOnlyForDeploymentPostprocessing = 0;
			shellPath = /bin/sh;
			shellScript = "diff \"${PODS_PODFILE_DIR_PATH}/Podfile.lock\" \"${PODS_ROOT}/Manifest.lock\" > /dev/null\nif [ $? != 0 ] ; then\n    # print error to STDERR\n    echo \"error: The sandbox is not in sync with the Podfile.lock. Run 'pod install' or update your CocoaPods installation.\" >&2\n    exit 1\nfi\n# This output is used by Xcode 'outputs' to avoid re-running this script phase.\necho \"SUCCESS\" > \"${SCRIPT_OUTPUT_FILE_0}\"\n";
			showEnvVarsInLog = 0;
		};
		C2D42C71287E80A2F8AD9325 /* [CP] Check Pods Manifest.lock */ = {
			isa = PBXShellScriptBuildPhase;
			buildActionMask = 2147483647;
			files = (
			);
			inputPaths = (
				"${PODS_PODFILE_DIR_PATH}/Podfile.lock",
				"${PODS_ROOT}/Manifest.lock",
			);
			name = "[CP] Check Pods Manifest.lock";
			outputPaths = (
				"$(DERIVED_FILE_DIR)/Pods-TravelApplication-checkManifestLockResult.txt",
			);
			runOnlyForDeploymentPostprocessing = 0;
			shellPath = /bin/sh;
			shellScript = "diff \"${PODS_PODFILE_DIR_PATH}/Podfile.lock\" \"${PODS_ROOT}/Manifest.lock\" > /dev/null\nif [ $? != 0 ] ; then\n    # print error to STDERR\n    echo \"error: The sandbox is not in sync with the Podfile.lock. Run 'pod install' or update your CocoaPods installation.\" >&2\n    exit 1\nfi\n# This output is used by Xcode 'outputs' to avoid re-running this script phase.\necho \"SUCCESS\" > \"${SCRIPT_OUTPUT_FILE_0}\"\n";
			showEnvVarsInLog = 0;
		};
		E02BD687707964F944DD85A2 /* [CP] Embed Pods Frameworks */ = {
			isa = PBXShellScriptBuildPhase;
			buildActionMask = 2147483647;
			files = (
			);
			inputPaths = (
				"${PODS_ROOT}/Target Support Files/Pods-TravelApplication/Pods-TravelApplication-frameworks.sh",
				"${BUILT_PRODUCTS_DIR}/RxSwift/RxSwift.framework",
				"${BUILT_PRODUCTS_DIR}/SwiftDate/SwiftDate.framework",
				"${BUILT_PRODUCTS_DIR}/Alamofire/Alamofire.framework",
				"${BUILT_PRODUCTS_DIR}/RxAlamofire/RxAlamofire.framework",
				"${BUILT_PRODUCTS_DIR}/Swinject/Swinject.framework",
				"${BUILT_PRODUCTS_DIR}/R.swift.Library/Rswift.framework",
				"${BUILT_PRODUCTS_DIR}/RxCocoa/RxCocoa.framework",
				"${BUILT_PRODUCTS_DIR}/SDWebImage/SDWebImage.framework",
				"${BUILT_PRODUCTS_DIR}/SnapKit/SnapKit.framework",
				"${BUILT_PRODUCTS_DIR}/CocoaLumberjack/CocoaLumberjack.framework",
			);
			name = "[CP] Embed Pods Frameworks";
			outputPaths = (
				"${TARGET_BUILD_DIR}/${FRAMEWORKS_FOLDER_PATH}/RxSwift.framework",
				"${TARGET_BUILD_DIR}/${FRAMEWORKS_FOLDER_PATH}/SwiftDate.framework",
				"${TARGET_BUILD_DIR}/${FRAMEWORKS_FOLDER_PATH}/Alamofire.framework",
				"${TARGET_BUILD_DIR}/${FRAMEWORKS_FOLDER_PATH}/RxAlamofire.framework",
				"${TARGET_BUILD_DIR}/${FRAMEWORKS_FOLDER_PATH}/Swinject.framework",
				"${TARGET_BUILD_DIR}/${FRAMEWORKS_FOLDER_PATH}/Rswift.framework",
				"${TARGET_BUILD_DIR}/${FRAMEWORKS_FOLDER_PATH}/RxCocoa.framework",
				"${TARGET_BUILD_DIR}/${FRAMEWORKS_FOLDER_PATH}/SDWebImage.framework",
				"${TARGET_BUILD_DIR}/${FRAMEWORKS_FOLDER_PATH}/SnapKit.framework",
				"${TARGET_BUILD_DIR}/${FRAMEWORKS_FOLDER_PATH}/CocoaLumberjack.framework",
			);
			runOnlyForDeploymentPostprocessing = 0;
			shellPath = /bin/sh;
			shellScript = "\"${PODS_ROOT}/Target Support Files/Pods-TravelApplication/Pods-TravelApplication-frameworks.sh\"\n";
			showEnvVarsInLog = 0;
		};
/* End PBXShellScriptBuildPhase section */

/* Begin PBXSourcesBuildPhase section */
		AA652F34215BA46E0044E3C9 /* Sources */ = {
			isa = PBXSourcesBuildPhase;
			buildActionMask = 2147483647;
			files = (
				AA652F3E215BA46E0044E3C9 /* ViewController.swift in Sources */,
				AA652F3C215BA46E0044E3C9 /* AppDelegate.swift in Sources */,
				AA6183D9215BEC4E00F47C9C /* ApplicationLoader.swift in Sources */,
				AAD2E36C215BB842008B77BE /* Constants.swift in Sources */,
				AABB46B3219B506A001AA5D1 /* UIViewController+Injected.swift in Sources */,
				AA6183DC215BEC8E00F47C9C /* ApplicationAssembly.swift in Sources */,
				AA6183D6215BEB7600F47C9C /* AssemblerFactory.swift in Sources */,
			);
			runOnlyForDeploymentPostprocessing = 0;
		};
		AA652F48215BA46F0044E3C9 /* Sources */ = {
			isa = PBXSourcesBuildPhase;
			buildActionMask = 2147483647;
			files = (
				AA652F51215BA46F0044E3C9 /* TravelApplicationTests.swift in Sources */,
			);
			runOnlyForDeploymentPostprocessing = 0;
		};
		AAD2E352215BB6BC008B77BE /* Sources */ = {
			isa = PBXSourcesBuildPhase;
			buildActionMask = 2147483647;
			files = (
				AAD2E353215BB6BC008B77BE /* ViewController.swift in Sources */,
				AAD2E354215BB6BC008B77BE /* AppDelegate.swift in Sources */,
				AA6183DA215BEC4E00F47C9C /* ApplicationLoader.swift in Sources */,
				AAD2E36D215BB842008B77BE /* Constants.swift in Sources */,
				AABB46B4219B506A001AA5D1 /* UIViewController+Injected.swift in Sources */,
				AA6183DD215BEC8E00F47C9C /* ApplicationAssembly.swift in Sources */,
				AA6183D7215BEB7600F47C9C /* AssemblerFactory.swift in Sources */,
			);
			runOnlyForDeploymentPostprocessing = 0;
		};
/* End PBXSourcesBuildPhase section */

/* Begin PBXTargetDependency section */
		AA0A1E9F215BA7E700754EC7 /* PBXTargetDependency */ = {
			isa = PBXTargetDependency;
			name = TravelKit;
			targetProxy = AA0A1E9E215BA7E700754EC7 /* PBXContainerItemProxy */;
		};
		AA0A1ED3215BA8D000754EC7 /* PBXTargetDependency */ = {
			isa = PBXTargetDependency;
			name = TravelDataKit;
			targetProxy = AA0A1ED2215BA8D000754EC7 /* PBXContainerItemProxy */;
		};
		AA0A1EF5215BA9EE00754EC7 /* PBXTargetDependency */ = {
			isa = PBXTargetDependency;
			name = TravelFeatureKit;
			targetProxy = AA0A1EF4215BA9EE00754EC7 /* PBXContainerItemProxy */;
		};
		AA0A1F14215BAD3E00754EC7 /* PBXTargetDependency */ = {
			isa = PBXTargetDependency;
			name = TravelAPIKit;
			targetProxy = AA0A1F13215BAD3E00754EC7 /* PBXContainerItemProxy */;
		};
		AA652F4E215BA46F0044E3C9 /* PBXTargetDependency */ = {
			isa = PBXTargetDependency;
			target = AA652F37215BA46E0044E3C9 /* TravelApplication */;
			targetProxy = AA652F4D215BA46F0044E3C9 /* PBXContainerItemProxy */;
		};
		AAD2E349215BB6BC008B77BE /* PBXTargetDependency */ = {
			isa = PBXTargetDependency;
			name = TravelKit;
			targetProxy = AAD2E34A215BB6BC008B77BE /* PBXContainerItemProxy */;
		};
		AAD2E34B215BB6BC008B77BE /* PBXTargetDependency */ = {
			isa = PBXTargetDependency;
			name = TravelDataKit;
			targetProxy = AAD2E34C215BB6BC008B77BE /* PBXContainerItemProxy */;
		};
		AAD2E34D215BB6BC008B77BE /* PBXTargetDependency */ = {
			isa = PBXTargetDependency;
			name = TravelFeatureKit;
			targetProxy = AAD2E34E215BB6BC008B77BE /* PBXContainerItemProxy */;
		};
		AAD2E34F215BB6BC008B77BE /* PBXTargetDependency */ = {
			isa = PBXTargetDependency;
			name = TravelAPIKit;
			targetProxy = AAD2E350215BB6BC008B77BE /* PBXContainerItemProxy */;
		};
/* End PBXTargetDependency section */

/* Begin PBXVariantGroup section */
		AA652F44215BA46F0044E3C9 /* LaunchScreen.storyboard */ = {
			isa = PBXVariantGroup;
			children = (
				AA652F45215BA46F0044E3C9 /* Base */,
			);
			name = LaunchScreen.storyboard;
			sourceTree = "<group>";
		};
/* End PBXVariantGroup section */

/* Begin XCBuildConfiguration section */
		AA652F53215BA46F0044E3C9 /* Debug */ = {
			isa = XCBuildConfiguration;
			buildSettings = {
				ALWAYS_EMBED_SWIFT_STANDARD_LIBRARIES = YES;
				ALWAYS_SEARCH_USER_PATHS = NO;
				CLANG_ANALYZER_NONNULL = YES;
				CLANG_ANALYZER_NUMBER_OBJECT_CONVERSION = YES_AGGRESSIVE;
				CLANG_CXX_LANGUAGE_STANDARD = "gnu++14";
				CLANG_CXX_LIBRARY = "libc++";
				CLANG_ENABLE_MODULES = YES;
				CLANG_ENABLE_OBJC_ARC = YES;
				CLANG_ENABLE_OBJC_WEAK = YES;
				CLANG_WARN_BLOCK_CAPTURE_AUTORELEASING = YES;
				CLANG_WARN_BOOL_CONVERSION = YES;
				CLANG_WARN_COMMA = YES;
				CLANG_WARN_CONSTANT_CONVERSION = YES;
				CLANG_WARN_DEPRECATED_OBJC_IMPLEMENTATIONS = YES;
				CLANG_WARN_DIRECT_OBJC_ISA_USAGE = YES_ERROR;
				CLANG_WARN_DOCUMENTATION_COMMENTS = YES;
				CLANG_WARN_EMPTY_BODY = YES;
				CLANG_WARN_ENUM_CONVERSION = YES;
				CLANG_WARN_INFINITE_RECURSION = YES;
				CLANG_WARN_INT_CONVERSION = YES;
				CLANG_WARN_NON_LITERAL_NULL_CONVERSION = YES;
				CLANG_WARN_OBJC_IMPLICIT_RETAIN_SELF = YES;
				CLANG_WARN_OBJC_LITERAL_CONVERSION = YES;
				CLANG_WARN_OBJC_ROOT_CLASS = YES_ERROR;
				CLANG_WARN_RANGE_LOOP_ANALYSIS = YES;
				CLANG_WARN_STRICT_PROTOTYPES = YES;
				CLANG_WARN_SUSPICIOUS_MOVE = YES;
				CLANG_WARN_UNGUARDED_AVAILABILITY = YES_AGGRESSIVE;
				CLANG_WARN_UNREACHABLE_CODE = YES;
				CLANG_WARN__DUPLICATE_METHOD_MATCH = YES;
				CODE_SIGN_IDENTITY = "iPhone Developer";
				COPY_PHASE_STRIP = NO;
				DEBUG_INFORMATION_FORMAT = dwarf;
				ENABLE_STRICT_OBJC_MSGSEND = YES;
				ENABLE_TESTABILITY = YES;
				GCC_C_LANGUAGE_STANDARD = gnu11;
				GCC_DYNAMIC_NO_PIC = NO;
				GCC_NO_COMMON_BLOCKS = YES;
				GCC_OPTIMIZATION_LEVEL = 0;
				GCC_PREPROCESSOR_DEFINITIONS = (
					"DEBUG=1",
					"$(inherited)",
				);
				GCC_WARN_64_TO_32_BIT_CONVERSION = YES;
				GCC_WARN_ABOUT_RETURN_TYPE = YES_ERROR;
				GCC_WARN_UNDECLARED_SELECTOR = YES;
				GCC_WARN_UNINITIALIZED_AUTOS = YES_AGGRESSIVE;
				GCC_WARN_UNUSED_FUNCTION = YES;
				GCC_WARN_UNUSED_VARIABLE = YES;
				IPHONEOS_DEPLOYMENT_TARGET = 12.0;
				MTL_ENABLE_DEBUG_INFO = INCLUDE_SOURCE;
				MTL_FAST_MATH = YES;
				ONLY_ACTIVE_ARCH = YES;
				SDKROOT = iphoneos;
				SWIFT_ACTIVE_COMPILATION_CONDITIONS = DEBUG;
				SWIFT_OPTIMIZATION_LEVEL = "-Onone";
			};
			name = Debug;
		};
		AA652F54215BA46F0044E3C9 /* Release */ = {
			isa = XCBuildConfiguration;
			buildSettings = {
				ALWAYS_EMBED_SWIFT_STANDARD_LIBRARIES = YES;
				ALWAYS_SEARCH_USER_PATHS = NO;
				CLANG_ANALYZER_NONNULL = YES;
				CLANG_ANALYZER_NUMBER_OBJECT_CONVERSION = YES_AGGRESSIVE;
				CLANG_CXX_LANGUAGE_STANDARD = "gnu++14";
				CLANG_CXX_LIBRARY = "libc++";
				CLANG_ENABLE_MODULES = YES;
				CLANG_ENABLE_OBJC_ARC = YES;
				CLANG_ENABLE_OBJC_WEAK = YES;
				CLANG_WARN_BLOCK_CAPTURE_AUTORELEASING = YES;
				CLANG_WARN_BOOL_CONVERSION = YES;
				CLANG_WARN_COMMA = YES;
				CLANG_WARN_CONSTANT_CONVERSION = YES;
				CLANG_WARN_DEPRECATED_OBJC_IMPLEMENTATIONS = YES;
				CLANG_WARN_DIRECT_OBJC_ISA_USAGE = YES_ERROR;
				CLANG_WARN_DOCUMENTATION_COMMENTS = YES;
				CLANG_WARN_EMPTY_BODY = YES;
				CLANG_WARN_ENUM_CONVERSION = YES;
				CLANG_WARN_INFINITE_RECURSION = YES;
				CLANG_WARN_INT_CONVERSION = YES;
				CLANG_WARN_NON_LITERAL_NULL_CONVERSION = YES;
				CLANG_WARN_OBJC_IMPLICIT_RETAIN_SELF = YES;
				CLANG_WARN_OBJC_LITERAL_CONVERSION = YES;
				CLANG_WARN_OBJC_ROOT_CLASS = YES_ERROR;
				CLANG_WARN_RANGE_LOOP_ANALYSIS = YES;
				CLANG_WARN_STRICT_PROTOTYPES = YES;
				CLANG_WARN_SUSPICIOUS_MOVE = YES;
				CLANG_WARN_UNGUARDED_AVAILABILITY = YES_AGGRESSIVE;
				CLANG_WARN_UNREACHABLE_CODE = YES;
				CLANG_WARN__DUPLICATE_METHOD_MATCH = YES;
				CODE_SIGN_IDENTITY = "iPhone Developer";
				COPY_PHASE_STRIP = NO;
				DEBUG_INFORMATION_FORMAT = "dwarf-with-dsym";
				ENABLE_NS_ASSERTIONS = NO;
				ENABLE_STRICT_OBJC_MSGSEND = YES;
				GCC_C_LANGUAGE_STANDARD = gnu11;
				GCC_NO_COMMON_BLOCKS = YES;
				GCC_WARN_64_TO_32_BIT_CONVERSION = YES;
				GCC_WARN_ABOUT_RETURN_TYPE = YES_ERROR;
				GCC_WARN_UNDECLARED_SELECTOR = YES;
				GCC_WARN_UNINITIALIZED_AUTOS = YES_AGGRESSIVE;
				GCC_WARN_UNUSED_FUNCTION = YES;
				GCC_WARN_UNUSED_VARIABLE = YES;
				IPHONEOS_DEPLOYMENT_TARGET = 12.0;
				MTL_ENABLE_DEBUG_INFO = NO;
				MTL_FAST_MATH = YES;
				SDKROOT = iphoneos;
				SWIFT_COMPILATION_MODE = wholemodule;
				SWIFT_OPTIMIZATION_LEVEL = "-O";
				VALIDATE_PRODUCT = YES;
			};
			name = Release;
		};
		AA652F56215BA46F0044E3C9 /* Debug */ = {
			isa = XCBuildConfiguration;
			baseConfigurationReference = FF759E11D9C9A3522F209AFE /* Pods-TravelApplication.debug.xcconfig */;
			buildSettings = {
				ALWAYS_EMBED_SWIFT_STANDARD_LIBRARIES = "$(inherited)";
				ASSETCATALOG_COMPILER_APPICON_NAME = AppIcon;
				CODE_SIGN_STYLE = Automatic;
				DEVELOPMENT_TEAM = L4KYCD4RPZ;
				INFOPLIST_FILE = TravelApplication/Info.plist;
				IPHONEOS_DEPLOYMENT_TARGET = 11.0;
				LD_RUNPATH_SEARCH_PATHS = (
					"$(inherited)",
					"@executable_path/Frameworks",
				);
				PRODUCT_BUNDLE_IDENTIFIER = com.povilasstaskus.aerogami;
				PRODUCT_NAME = Aerogami;
				SWIFT_VERSION = 4.2;
				TARGETED_DEVICE_FAMILY = "1,2";
			};
			name = Debug;
		};
		AA652F57215BA46F0044E3C9 /* Release */ = {
			isa = XCBuildConfiguration;
			baseConfigurationReference = A20B1D0EBB55CC68E666DCD2 /* Pods-TravelApplication.release.xcconfig */;
			buildSettings = {
				ALWAYS_EMBED_SWIFT_STANDARD_LIBRARIES = "$(inherited)";
				ASSETCATALOG_COMPILER_APPICON_NAME = AppIcon;
				CODE_SIGN_STYLE = Automatic;
				DEVELOPMENT_TEAM = L4KYCD4RPZ;
				INFOPLIST_FILE = TravelApplication/Info.plist;
				IPHONEOS_DEPLOYMENT_TARGET = 11.0;
				LD_RUNPATH_SEARCH_PATHS = (
					"$(inherited)",
					"@executable_path/Frameworks",
				);
				PRODUCT_BUNDLE_IDENTIFIER = com.povilasstaskus.aerogami;
				PRODUCT_NAME = Aerogami;
				SWIFT_VERSION = 4.2;
				TARGETED_DEVICE_FAMILY = "1,2";
			};
			name = Release;
		};
		AA652F59215BA46F0044E3C9 /* Debug */ = {
			isa = XCBuildConfiguration;
			buildSettings = {
				ALWAYS_EMBED_SWIFT_STANDARD_LIBRARIES = "$(inherited)";
				BUNDLE_LOADER = "$(TEST_HOST)";
				CODE_SIGN_STYLE = Automatic;
				DEVELOPMENT_TEAM = L4KYCD4RPZ;
				INFOPLIST_FILE = TravelApplicationTests/Info.plist;
				LD_RUNPATH_SEARCH_PATHS = (
					"$(inherited)",
					"@executable_path/Frameworks",
					"@loader_path/Frameworks",
				);
				PRODUCT_BUNDLE_IDENTIFIER = "Povilas-Staskus.TravelApplicationTests";
				PRODUCT_NAME = "$(TARGET_NAME)";
				SWIFT_VERSION = 4.2;
				TARGETED_DEVICE_FAMILY = "1,2";
				TEST_HOST = "$(BUILT_PRODUCTS_DIR)/TravelApplication.app/TravelApplication";
			};
			name = Debug;
		};
		AA652F5A215BA46F0044E3C9 /* Release */ = {
			isa = XCBuildConfiguration;
			buildSettings = {
				ALWAYS_EMBED_SWIFT_STANDARD_LIBRARIES = "$(inherited)";
				BUNDLE_LOADER = "$(TEST_HOST)";
				CODE_SIGN_STYLE = Automatic;
				DEVELOPMENT_TEAM = L4KYCD4RPZ;
				INFOPLIST_FILE = TravelApplicationTests/Info.plist;
				LD_RUNPATH_SEARCH_PATHS = (
					"$(inherited)",
					"@executable_path/Frameworks",
					"@loader_path/Frameworks",
				);
				PRODUCT_BUNDLE_IDENTIFIER = "Povilas-Staskus.TravelApplicationTests";
				PRODUCT_NAME = "$(TARGET_NAME)";
				SWIFT_VERSION = 4.2;
				TARGETED_DEVICE_FAMILY = "1,2";
				TEST_HOST = "$(BUILT_PRODUCTS_DIR)/TravelApplication.app/TravelApplication";
			};
			name = Release;
		};
		AAD2E366215BB6BC008B77BE /* Debug */ = {
			isa = XCBuildConfiguration;
			baseConfigurationReference = 778127CA0507CCB32E99EC60 /* Pods-TravelApplication Dev.debug.xcconfig */;
			buildSettings = {
				ALWAYS_EMBED_SWIFT_STANDARD_LIBRARIES = "$(inherited)";
				ASSETCATALOG_COMPILER_APPICON_NAME = AppIcon;
				CODE_SIGN_STYLE = Automatic;
				DEVELOPMENT_TEAM = L4KYCD4RPZ;
				INFOPLIST_FILE = "Info-Dev.plist";
				IPHONEOS_DEPLOYMENT_TARGET = 11.0;
				LD_RUNPATH_SEARCH_PATHS = (
					"$(inherited)",
					"@executable_path/Frameworks",
				);
				OTHER_SWIFT_FLAGS = "$(inherited) \"-DDEVELOPMENT\"";
				PRODUCT_BUNDLE_IDENTIFIER = "com.povilasstaskus.aerogami-dev";
				PRODUCT_NAME = "Aerogami Dev";
				SWIFT_VERSION = 4.2;
				TARGETED_DEVICE_FAMILY = "1,2";
			};
			name = Debug;
		};
		AAD2E367215BB6BC008B77BE /* Release */ = {
			isa = XCBuildConfiguration;
			baseConfigurationReference = B3DD0F23D49182673376940F /* Pods-TravelApplication Dev.release.xcconfig */;
			buildSettings = {
				ALWAYS_EMBED_SWIFT_STANDARD_LIBRARIES = "$(inherited)";
				ASSETCATALOG_COMPILER_APPICON_NAME = AppIcon;
				CODE_SIGN_STYLE = Automatic;
				DEVELOPMENT_TEAM = L4KYCD4RPZ;
				INFOPLIST_FILE = "Info-Dev.plist";
				IPHONEOS_DEPLOYMENT_TARGET = 11.0;
				LD_RUNPATH_SEARCH_PATHS = (
					"$(inherited)",
					"@executable_path/Frameworks",
				);
				OTHER_SWIFT_FLAGS = "$(inherited) \"-DDEVELOPMENT\"";
				PRODUCT_BUNDLE_IDENTIFIER = "com.povilasstaskus.aerogami-dev";
				PRODUCT_NAME = "Aerogami Dev";
				SWIFT_VERSION = 4.2;
				TARGETED_DEVICE_FAMILY = "1,2";
			};
			name = Release;
		};
/* End XCBuildConfiguration section */

/* Begin XCConfigurationList section */
		AA652F33215BA46E0044E3C9 /* Build configuration list for PBXProject "TravelApplication" */ = {
			isa = XCConfigurationList;
			buildConfigurations = (
				AA652F53215BA46F0044E3C9 /* Debug */,
				AA652F54215BA46F0044E3C9 /* Release */,
			);
			defaultConfigurationIsVisible = 0;
			defaultConfigurationName = Release;
		};
		AA652F55215BA46F0044E3C9 /* Build configuration list for PBXNativeTarget "TravelApplication" */ = {
			isa = XCConfigurationList;
			buildConfigurations = (
				AA652F56215BA46F0044E3C9 /* Debug */,
				AA652F57215BA46F0044E3C9 /* Release */,
			);
			defaultConfigurationIsVisible = 0;
			defaultConfigurationName = Release;
		};
		AA652F58215BA46F0044E3C9 /* Build configuration list for PBXNativeTarget "TravelApplicationTests" */ = {
			isa = XCConfigurationList;
			buildConfigurations = (
				AA652F59215BA46F0044E3C9 /* Debug */,
				AA652F5A215BA46F0044E3C9 /* Release */,
			);
			defaultConfigurationIsVisible = 0;
			defaultConfigurationName = Release;
		};
		AAD2E365215BB6BC008B77BE /* Build configuration list for PBXNativeTarget "TravelApplication Dev" */ = {
			isa = XCConfigurationList;
			buildConfigurations = (
				AAD2E366215BB6BC008B77BE /* Debug */,
				AAD2E367215BB6BC008B77BE /* Release */,
			);
			defaultConfigurationIsVisible = 0;
			defaultConfigurationName = Release;
		};
/* End XCConfigurationList section */
	};
	rootObject = AA652F30215BA46E0044E3C9 /* Project object */;
}
